// !$*UTF8*$!
{
	archiveVersion = 1;
	classes = {
	};
	objectVersion = 56;
	objects = {

/* Begin PBXBuildFile section */
		B7035B852AF8D1FF000F74ED /* UIView+Extensions.swift in Sources */ = {isa = PBXBuildFile; fileRef = B7035B842AF8D1FF000F74ED /* UIView+Extensions.swift */; };
		B703C0E42B29F351008E9181 /* .swiftlint.yml in Resources */ = {isa = PBXBuildFile; fileRef = B703C0E32B29F351008E9181 /* .swiftlint.yml */; };
		B70BBA532B1703C700F0F9A6 /* UIImage+Extensions.swift in Sources */ = {isa = PBXBuildFile; fileRef = B70BBA522B1703C700F0F9A6 /* UIImage+Extensions.swift */; };
		B70EE5BD2B15D7DD00BCCACF /* String+Extensions.swift in Sources */ = {isa = PBXBuildFile; fileRef = B70EE5BC2B15D7DD00BCCACF /* String+Extensions.swift */; };
		B710588E2AEA2699003D6039 /* OSLog+Extensions.swift in Sources */ = {isa = PBXBuildFile; fileRef = B710588D2AEA2699003D6039 /* OSLog+Extensions.swift */; };
		B71058912AEA2974003D6039 /* MainViewModel.swift in Sources */ = {isa = PBXBuildFile; fileRef = B71058902AEA2974003D6039 /* MainViewModel.swift */; };
		B71058932AEA2CB3003D6039 /* CustomButton.swift in Sources */ = {isa = PBXBuildFile; fileRef = B71058922AEA2CB3003D6039 /* CustomButton.swift */; };
		B71058952AEA42F8003D6039 /* CategoryCollectionViewCell.swift in Sources */ = {isa = PBXBuildFile; fileRef = B71058942AEA42F8003D6039 /* CategoryCollectionViewCell.swift */; };
		B711B6AA2B21C08D00C661E3 /* ImagePickerManager.swift in Sources */ = {isa = PBXBuildFile; fileRef = B711B6A92B21C08D00C661E3 /* ImagePickerManager.swift */; };
		B711B6AC2B21C55600C661E3 /* UserResponse.swift in Sources */ = {isa = PBXBuildFile; fileRef = B711B6AB2B21C55600C661E3 /* UserResponse.swift */; };
		B7157E6A2AF384E2007CEF95 /* LoginView.swift in Sources */ = {isa = PBXBuildFile; fileRef = B7157E692AF384E2007CEF95 /* LoginView.swift */; };
		B7194A422B1B4F3300642FDA /* SigninViewController.swift in Sources */ = {isa = PBXBuildFile; fileRef = B7194A412B1B4F3300642FDA /* SigninViewController.swift */; };
		B7194A442B1B4F4600642FDA /* SigninView.swift in Sources */ = {isa = PBXBuildFile; fileRef = B7194A432B1B4F4600642FDA /* SigninView.swift */; };
		B7194A462B1B573800642FDA /* CALayer+Extensions.swift in Sources */ = {isa = PBXBuildFile; fileRef = B7194A452B1B573800642FDA /* CALayer+Extensions.swift */; };
		B7194A482B1B596F00642FDA /* SigninViewModel.swift in Sources */ = {isa = PBXBuildFile; fileRef = B7194A472B1B596F00642FDA /* SigninViewModel.swift */; };
		B71C387C2B0753BB0065A783 /* LoginUseCase.swift in Sources */ = {isa = PBXBuildFile; fileRef = B71C387B2B0753BB0065A783 /* LoginUseCase.swift */; };
		B71C387E2B0754F90065A783 /* UserRequest.swift in Sources */ = {isa = PBXBuildFile; fileRef = B71C387D2B0754F90065A783 /* UserRequest.swift */; };
		B71C38802B07554B0065A783 /* FirebaseAuthService.swift in Sources */ = {isa = PBXBuildFile; fileRef = B71C387F2B07554B0065A783 /* FirebaseAuthService.swift */; };
		B71C38832B075CC70065A783 /* CryptoUtils.swift in Sources */ = {isa = PBXBuildFile; fileRef = B71C38822B075CC70065A783 /* CryptoUtils.swift */; };
		B7226B162B01F6990034B451 /* LoginViewModel.swift in Sources */ = {isa = PBXBuildFile; fileRef = B7226B152B01F6990034B451 /* LoginViewModel.swift */; };
		B724F92E2AFCBE4400722CE1 /* Localizable.strings in Resources */ = {isa = PBXBuildFile; fileRef = B724F9302AFCBE4400722CE1 /* Localizable.strings */; };
		B72EDCA22B2B071C00080328 /* GoogleSignIn in Frameworks */ = {isa = PBXBuildFile; productRef = B72EDCA12B2B071C00080328 /* GoogleSignIn */; };
		B72EDCA42B2B0A4000080328 /* KeyboardAnimationManager.swift in Sources */ = {isa = PBXBuildFile; fileRef = B72EDCA32B2B0A4000080328 /* KeyboardAnimationManager.swift */; };
		B734DE3A2B497346009787BE /* SigninProfileView.swift in Sources */ = {isa = PBXBuildFile; fileRef = B734DE392B497346009787BE /* SigninProfileView.swift */; };
		B734DE3C2B4975F1009787BE /* SigninDescriptionView.swift in Sources */ = {isa = PBXBuildFile; fileRef = B734DE3B2B4975F1009787BE /* SigninDescriptionView.swift */; };
		B734DE3E2B49796A009787BE /* SigninBirthdateView.swift in Sources */ = {isa = PBXBuildFile; fileRef = B734DE3D2B49796A009787BE /* SigninBirthdateView.swift */; };
		B734DE402B497A2A009787BE /* SigninUIConstants.swift in Sources */ = {isa = PBXBuildFile; fileRef = B734DE3F2B497A2A009787BE /* SigninUIConstants.swift */; };
		B734DE422B497A66009787BE /* SigninNicknameView.swift in Sources */ = {isa = PBXBuildFile; fileRef = B734DE412B497A66009787BE /* SigninNicknameView.swift */; };
		B734DE442B498593009787BE /* VlidationError.swift in Sources */ = {isa = PBXBuildFile; fileRef = B734DE432B498593009787BE /* VlidationError.swift */; };
		B742C5782AEA5EE900E95E96 /* CreateViewModel.swift in Sources */ = {isa = PBXBuildFile; fileRef = B742C5772AEA5EE900E95E96 /* CreateViewModel.swift */; };
		B749AED82B3831CB00633BB1 /* AnnotationIdentifying.swift in Sources */ = {isa = PBXBuildFile; fileRef = B749AED72B3831CB00633BB1 /* AnnotationIdentifying.swift */; };
		B749AEDA2B38391E00633BB1 /* SettingViewModel.swift in Sources */ = {isa = PBXBuildFile; fileRef = B749AED92B38391E00633BB1 /* SettingViewModel.swift */; };
		B749AEDF2B383EA500633BB1 /* SettingItemHandling.swift in Sources */ = {isa = PBXBuildFile; fileRef = B749AEDE2B383EA500633BB1 /* SettingItemHandling.swift */; };
		B749AEE12B383ECC00633BB1 /* LogoutItem.swift in Sources */ = {isa = PBXBuildFile; fileRef = B749AEE02B383ECC00633BB1 /* LogoutItem.swift */; };
		B749AEE32B38509A00633BB1 /* DiskCacheItem.swift in Sources */ = {isa = PBXBuildFile; fileRef = B749AEE22B38509A00633BB1 /* DiskCacheItem.swift */; };
		B749AEE52B38527300633BB1 /* ConfirmManager.swift in Sources */ = {isa = PBXBuildFile; fileRef = B749AEE42B38527300633BB1 /* ConfirmManager.swift */; };
		B749AEE72B38636000633BB1 /* DiskCacheManager.swift in Sources */ = {isa = PBXBuildFile; fileRef = B749AEE62B38636000633BB1 /* DiskCacheManager.swift */; };
		B74A4FC12AE78BAE00226EA7 /* SearchViewController.swift in Sources */ = {isa = PBXBuildFile; fileRef = B74A4FC02AE78BAE00226EA7 /* SearchViewController.swift */; };
		B74A4FC32AE78BE700226EA7 /* SearchView.swift in Sources */ = {isa = PBXBuildFile; fileRef = B74A4FC22AE78BE700226EA7 /* SearchView.swift */; };
		B74A4FC52AE7905500226EA7 /* CreateViewController.swift in Sources */ = {isa = PBXBuildFile; fileRef = B74A4FC42AE7905500226EA7 /* CreateViewController.swift */; };
		B74A4FC72AE790BE00226EA7 /* CreateView.swift in Sources */ = {isa = PBXBuildFile; fileRef = B74A4FC62AE790BE00226EA7 /* CreateView.swift */; };
		B7614C0F2AEE085B00CAB8F0 /* ImageCollectionViewCell.swift in Sources */ = {isa = PBXBuildFile; fileRef = B7614C0E2AEE085B00CAB8F0 /* ImageCollectionViewCell.swift */; };
		B7631C6D2B2DC27700B111AA /* UserError.swift in Sources */ = {isa = PBXBuildFile; fileRef = B7631C6C2B2DC27700B111AA /* UserError.swift */; };
		B7631C742B2DCCBD00B111AA /* DetailViewSnapshotTest.swift in Sources */ = {isa = PBXBuildFile; fileRef = B7631C732B2DCCBD00B111AA /* DetailViewSnapshotTest.swift */; };
		B76DD4622AFE0DB000DFE7E1 /* FirestorageService.swift in Sources */ = {isa = PBXBuildFile; fileRef = B76DD4612AFE0DB000DFE7E1 /* FirestorageService.swift */; };
		B76DD4642AFE0E4B00DFE7E1 /* FirebaseStorage in Frameworks */ = {isa = PBXBuildFile; productRef = B76DD4632AFE0E4B00DFE7E1 /* FirebaseStorage */; };
		B76DD4662AFE238F00DFE7E1 /* LoadingIndicator.swift in Sources */ = {isa = PBXBuildFile; fileRef = B76DD4652AFE238F00DFE7E1 /* LoadingIndicator.swift */; };
		B76EEA9E2B35F06E00D349EA /* InfoPlist.xcstrings in Resources */ = {isa = PBXBuildFile; fileRef = B76EEA9D2B35F06E00D349EA /* InfoPlist.xcstrings */; };
		B7704A242B3313A900E310AC /* SettingViewController.swift in Sources */ = {isa = PBXBuildFile; fileRef = B7704A232B3313A900E310AC /* SettingViewController.swift */; };
		B7704A262B3313EB00E310AC /* SettingView.swift in Sources */ = {isa = PBXBuildFile; fileRef = B7704A252B3313EB00E310AC /* SettingView.swift */; };
		B7704A282B33193100E310AC /* SettingViewCell.swift in Sources */ = {isa = PBXBuildFile; fileRef = B7704A272B33193100E310AC /* SettingViewCell.swift */; };
		B7781B302B0F47C8006372CF /* Category.swift in Sources */ = {isa = PBXBuildFile; fileRef = B7781B2F2B0F47C8006372CF /* Category.swift */; };
		B7781B332B0F4D4B006372CF /* PinAnnotationView.swift in Sources */ = {isa = PBXBuildFile; fileRef = B7781B322B0F4D4B006372CF /* PinAnnotationView.swift */; };
		B7781B352B0F4F91006372CF /* PinAnnotation.swift in Sources */ = {isa = PBXBuildFile; fileRef = B7781B342B0F4F91006372CF /* PinAnnotation.swift */; };
		B78099432B06047400C01059 /* ImageInfo.swift in Sources */ = {isa = PBXBuildFile; fileRef = B78099422B06047400C01059 /* ImageInfo.swift */; };
		B785A77C2B10742E00DC2E88 /* DetailView.swift in Sources */ = {isa = PBXBuildFile; fileRef = B785A77B2B10742E00DC2E88 /* DetailView.swift */; };
		B785A77E2B10743600DC2E88 /* DetailViewController.swift in Sources */ = {isa = PBXBuildFile; fileRef = B785A77D2B10743600DC2E88 /* DetailViewController.swift */; };
		B785A7822B108A0A00DC2E88 /* PaddingLabel.swift in Sources */ = {isa = PBXBuildFile; fileRef = B785A7812B108A0A00DC2E88 /* PaddingLabel.swift */; };
		B785A7842B1091BC00DC2E88 /* UILabel+Extensions.swift in Sources */ = {isa = PBXBuildFile; fileRef = B785A7832B1091BC00DC2E88 /* UILabel+Extensions.swift */; };
		B795EA5A2B3712E60021A791 /* ReuseIdentifying.swift in Sources */ = {isa = PBXBuildFile; fileRef = B795EA592B3712E60021A791 /* ReuseIdentifying.swift */; };
		B795EA5C2B3715020021A791 /* AccessibilityIdentifying.swift in Sources */ = {isa = PBXBuildFile; fileRef = B795EA5B2B3715020021A791 /* AccessibilityIdentifying.swift */; };
		B795EA612B372AFB0021A791 /* CategoryCollectionViewHandling.swift in Sources */ = {isa = PBXBuildFile; fileRef = B795EA602B372AFB0021A791 /* CategoryCollectionViewHandling.swift */; };
		B795EA632B372C940021A791 /* ImageCollectionViewHandling.swift in Sources */ = {isa = PBXBuildFile; fileRef = B795EA622B372C940021A791 /* ImageCollectionViewHandling.swift */; };
		B79A28F32AF37F93008FD3CE /* LoginViewController.swift in Sources */ = {isa = PBXBuildFile; fileRef = B79A28F22AF37F93008FD3CE /* LoginViewController.swift */; };
		B7ADFF722AEA8DF300D34CEA /* Divider.swift in Sources */ = {isa = PBXBuildFile; fileRef = B7ADFF712AEA8DF300D34CEA /* Divider.swift */; };
		B7AE77DE2B3199FB0056D451 /* ImageCacheManager.swift in Sources */ = {isa = PBXBuildFile; fileRef = B7AE77DD2B3199FB0056D451 /* ImageCacheManager.swift */; };
		B7AEC0CE2B034568004BA42A /* CustomTextView.swift in Sources */ = {isa = PBXBuildFile; fileRef = B7AEC0CD2B034568004BA42A /* CustomTextView.swift */; };
		B7AF69312AE0FEDF00385632 /* AppDelegate.swift in Sources */ = {isa = PBXBuildFile; fileRef = B7AF69302AE0FEDF00385632 /* AppDelegate.swift */; };
		B7AF69332AE0FEDF00385632 /* SceneDelegate.swift in Sources */ = {isa = PBXBuildFile; fileRef = B7AF69322AE0FEDF00385632 /* SceneDelegate.swift */; };
		B7AF69352AE0FEDF00385632 /* MainViewController.swift in Sources */ = {isa = PBXBuildFile; fileRef = B7AF69342AE0FEDF00385632 /* MainViewController.swift */; };
		B7AF693A2AE0FEE000385632 /* Assets.xcassets in Resources */ = {isa = PBXBuildFile; fileRef = B7AF69392AE0FEE000385632 /* Assets.xcassets */; };
		B7AF69482AE0FEE000385632 /* MainViewModelTests.swift in Sources */ = {isa = PBXBuildFile; fileRef = B7AF69472AE0FEE000385632 /* MainViewModelTests.swift */; };
		B7B20E1B2B1CB92100C8304B /* SigninUseCase.swift in Sources */ = {isa = PBXBuildFile; fileRef = B7B20E1A2B1CB92100C8304B /* SigninUseCase.swift */; };
		B7B20E1D2B1CBAC700C8304B /* UserRepository.swift in Sources */ = {isa = PBXBuildFile; fileRef = B7B20E1C2B1CBAC700C8304B /* UserRepository.swift */; };
		B7B20E1F2B1CC02500C8304B /* UserService.swift in Sources */ = {isa = PBXBuildFile; fileRef = B7B20E1E2B1CC02500C8304B /* UserService.swift */; };
		B7B20E242B1CCDB800C8304B /* KeychainManager.swift in Sources */ = {isa = PBXBuildFile; fileRef = B7B20E232B1CCDB800C8304B /* KeychainManager.swift */; };
		B7B6781F2B10F012005F819D /* DetailScrollView.swift in Sources */ = {isa = PBXBuildFile; fileRef = B7B6781E2B10F012005F819D /* DetailScrollView.swift */; };
		B7B977612AFA0A550023718B /* FirebaseFirestore.swift in Sources */ = {isa = PBXBuildFile; fileRef = B7B977602AFA0A550023718B /* FirebaseFirestore.swift */; };
		B7B977642AFA0D270023718B /* PinRequest.swift in Sources */ = {isa = PBXBuildFile; fileRef = B7B977632AFA0D270023718B /* PinRequest.swift */; };
		B7B977662AFA0F550023718B /* FirebaseFirestore in Frameworks */ = {isa = PBXBuildFile; productRef = B7B977652AFA0F550023718B /* FirebaseFirestore */; };
		B7B977682AFA10AE0023718B /* FirebaseRepository.swift in Sources */ = {isa = PBXBuildFile; fileRef = B7B977672AFA10AE0023718B /* FirebaseRepository.swift */; };
		B7B9776C2AFA20D80023718B /* Date+Extensions.swift in Sources */ = {isa = PBXBuildFile; fileRef = B7B9776B2AFA20D80023718B /* Date+Extensions.swift */; };
		B7BB20242B0E0745003EED3A /* CreateUseCase.swift in Sources */ = {isa = PBXBuildFile; fileRef = B7BB20232B0E0745003EED3A /* CreateUseCase.swift */; };
		B7BB20262B0F1696003EED3A /* MainUseCase.swift in Sources */ = {isa = PBXBuildFile; fileRef = B7BB20252B0F1696003EED3A /* MainUseCase.swift */; };
		B7BC79172AF4AB8900BBE0A9 /* FirebaseAuth in Frameworks */ = {isa = PBXBuildFile; productRef = B7BC79162AF4AB8900BBE0A9 /* FirebaseAuth */; };
		B7D0514D2B10AC9C00D86183 /* UITextField+Extensions.swift in Sources */ = {isa = PBXBuildFile; fileRef = B7D0514C2B10AC9C00D86183 /* UITextField+Extensions.swift */; };
		B7D051502B10AD1A00D86183 /* DetailNavigationView.swift in Sources */ = {isa = PBXBuildFile; fileRef = B7D0514F2B10AD1A00D86183 /* DetailNavigationView.swift */; };
		B7D051522B10AD2100D86183 /* DetailContentView.swift in Sources */ = {isa = PBXBuildFile; fileRef = B7D051512B10AD2100D86183 /* DetailContentView.swift */; };
		B7D051542B10AD2B00D86183 /* DetailCommentView.swift in Sources */ = {isa = PBXBuildFile; fileRef = B7D051532B10AD2B00D86183 /* DetailCommentView.swift */; };
		B7D690012B31D6E60072C10B /* GoogleService-Info.plist in Resources */ = {isa = PBXBuildFile; fileRef = B7D690002B31D6E60072C10B /* GoogleService-Info.plist */; };
		B7D99EC82B18640F00250399 /* UIScreenUtils.swift in Sources */ = {isa = PBXBuildFile; fileRef = B7D99EC72B18640F00250399 /* UIScreenUtils.swift */; };
		B7DC98E52B260BD9006DD8F7 /* CommentRequest.swift in Sources */ = {isa = PBXBuildFile; fileRef = B7DC98E42B260BD9006DD8F7 /* CommentRequest.swift */; };
		B7DC98E72B260C17006DD8F7 /* CommentResponse.swift in Sources */ = {isa = PBXBuildFile; fileRef = B7DC98E62B260C17006DD8F7 /* CommentResponse.swift */; };
		B7DC98E92B260FCF006DD8F7 /* CommentView.swift in Sources */ = {isa = PBXBuildFile; fileRef = B7DC98E82B260FCF006DD8F7 /* CommentView.swift */; };
		B7DC98EB2B26179A006DD8F7 /* DetailUseCase.swift in Sources */ = {isa = PBXBuildFile; fileRef = B7DC98EA2B26179A006DD8F7 /* DetailUseCase.swift */; };
		B7DC98ED2B261977006DD8F7 /* CommentService.swift in Sources */ = {isa = PBXBuildFile; fileRef = B7DC98EC2B261977006DD8F7 /* CommentService.swift */; };
		B7DC98EF2B2619F3006DD8F7 /* CommentRepository.swift in Sources */ = {isa = PBXBuildFile; fileRef = B7DC98EE2B2619F3006DD8F7 /* CommentRepository.swift */; };
		B7E050F12AE4FB3A007903C3 /* MainMapView.swift in Sources */ = {isa = PBXBuildFile; fileRef = B7E050F02AE4FB3A007903C3 /* MainMapView.swift */; };
		B7E0D5912B0CB59D0090A465 /* AnimationManager.swift in Sources */ = {isa = PBXBuildFile; fileRef = B7E0D5902B0CB59D0090A465 /* AnimationManager.swift */; };
		B7E1236A2B3D7C520044E1DB /* Data+Extensions.swift in Sources */ = {isa = PBXBuildFile; fileRef = B7E123692B3D7C520044E1DB /* Data+Extensions.swift */; };
		B7E8A4702AEB84420026931D /* FirebaseAnalytics in Frameworks */ = {isa = PBXBuildFile; productRef = B7E8A46F2AEB84420026931D /* FirebaseAnalytics */; };
		B7E8A4722AEB84420026931D /* FirebaseCrashlytics in Frameworks */ = {isa = PBXBuildFile; productRef = B7E8A4712AEB84420026931D /* FirebaseCrashlytics */; };
		B7EC21B12B456EC5008F80F7 /* (null) in Sources */ = {isa = PBXBuildFile; };
		B7EC21B32B458A29008F80F7 /* UITableView+Extensions.swift in Sources */ = {isa = PBXBuildFile; fileRef = B7EC21B22B458A29008F80F7 /* UITableView+Extensions.swift */; };
		B7ECD4502B3059E60085C809 /* PinClusterAnnotationView.swift in Sources */ = {isa = PBXBuildFile; fileRef = B7ECD44F2B3059E60085C809 /* PinClusterAnnotationView.swift */; };
		B7F071B72B14855000BB5AB9 /* DetailViewModel.swift in Sources */ = {isa = PBXBuildFile; fileRef = B7F071B62B14855000BB5AB9 /* DetailViewModel.swift */; };
		B7F071B92B14876C00BB5AB9 /* PinResponse.swift in Sources */ = {isa = PBXBuildFile; fileRef = B7F071B82B14876C00BB5AB9 /* PinResponse.swift */; };
		B7F0B8F32B3C34A100E9BA6D /* CommentError.swift in Sources */ = {isa = PBXBuildFile; fileRef = B7F0B8F22B3C34A100E9BA6D /* CommentError.swift */; };
		B7F6A8DA2AE2B61500892215 /* LaunchScreen.storyboard in Resources */ = {isa = PBXBuildFile; fileRef = B7F6A8D82AE2B61500892215 /* LaunchScreen.storyboard */; };
		B7F8B3052B30938400B869BB /* iOSSnapshotTestCase in Frameworks */ = {isa = PBXBuildFile; productRef = B7F8B3042B30938400B869BB /* iOSSnapshotTestCase */; };
		B7F8B3072B309D2C00B869BB /* MockClass.swift in Sources */ = {isa = PBXBuildFile; fileRef = B7F8B3062B309D2C00B869BB /* MockClass.swift */; };
/* End PBXBuildFile section */

/* Begin PBXContainerItemProxy section */
		B7AF69442AE0FEE000385632 /* PBXContainerItemProxy */ = {
			isa = PBXContainerItemProxy;
			containerPortal = B7AF69252AE0FEDF00385632 /* Project object */;
			proxyType = 1;
			remoteGlobalIDString = B7AF692C2AE0FEDF00385632;
			remoteInfo = pins;
		};
/* End PBXContainerItemProxy section */

/* Begin PBXFileReference section */
		B7035B842AF8D1FF000F74ED /* UIView+Extensions.swift */ = {isa = PBXFileReference; lastKnownFileType = sourcecode.swift; path = "UIView+Extensions.swift"; sourceTree = "<group>"; };
		B703C0E32B29F351008E9181 /* .swiftlint.yml */ = {isa = PBXFileReference; lastKnownFileType = text.yaml; path = .swiftlint.yml; sourceTree = "<group>"; };
		B70BBA522B1703C700F0F9A6 /* UIImage+Extensions.swift */ = {isa = PBXFileReference; lastKnownFileType = sourcecode.swift; path = "UIImage+Extensions.swift"; sourceTree = "<group>"; };
		B70EE5BC2B15D7DD00BCCACF /* String+Extensions.swift */ = {isa = PBXFileReference; lastKnownFileType = sourcecode.swift; path = "String+Extensions.swift"; sourceTree = "<group>"; };
		B710588D2AEA2699003D6039 /* OSLog+Extensions.swift */ = {isa = PBXFileReference; fileEncoding = 4; lastKnownFileType = sourcecode.swift; path = "OSLog+Extensions.swift"; sourceTree = "<group>"; };
		B71058902AEA2974003D6039 /* MainViewModel.swift */ = {isa = PBXFileReference; lastKnownFileType = sourcecode.swift; path = MainViewModel.swift; sourceTree = "<group>"; };
		B71058922AEA2CB3003D6039 /* CustomButton.swift */ = {isa = PBXFileReference; lastKnownFileType = sourcecode.swift; path = CustomButton.swift; sourceTree = "<group>"; };
		B71058942AEA42F8003D6039 /* CategoryCollectionViewCell.swift */ = {isa = PBXFileReference; lastKnownFileType = sourcecode.swift; path = CategoryCollectionViewCell.swift; sourceTree = "<group>"; };
		B711B6A92B21C08D00C661E3 /* ImagePickerManager.swift */ = {isa = PBXFileReference; lastKnownFileType = sourcecode.swift; path = ImagePickerManager.swift; sourceTree = "<group>"; };
		B711B6AB2B21C55600C661E3 /* UserResponse.swift */ = {isa = PBXFileReference; lastKnownFileType = sourcecode.swift; path = UserResponse.swift; sourceTree = "<group>"; };
		B7157E692AF384E2007CEF95 /* LoginView.swift */ = {isa = PBXFileReference; lastKnownFileType = sourcecode.swift; path = LoginView.swift; sourceTree = "<group>"; };
		B7157E6B2AF392E4007CEF95 /* pins.entitlements */ = {isa = PBXFileReference; lastKnownFileType = text.plist.entitlements; path = pins.entitlements; sourceTree = "<group>"; };
		B7194A412B1B4F3300642FDA /* SigninViewController.swift */ = {isa = PBXFileReference; lastKnownFileType = sourcecode.swift; path = SigninViewController.swift; sourceTree = "<group>"; };
		B7194A432B1B4F4600642FDA /* SigninView.swift */ = {isa = PBXFileReference; lastKnownFileType = sourcecode.swift; path = SigninView.swift; sourceTree = "<group>"; };
		B7194A452B1B573800642FDA /* CALayer+Extensions.swift */ = {isa = PBXFileReference; lastKnownFileType = sourcecode.swift; path = "CALayer+Extensions.swift"; sourceTree = "<group>"; };
		B7194A472B1B596F00642FDA /* SigninViewModel.swift */ = {isa = PBXFileReference; lastKnownFileType = sourcecode.swift; path = SigninViewModel.swift; sourceTree = "<group>"; };
		B71C387B2B0753BB0065A783 /* LoginUseCase.swift */ = {isa = PBXFileReference; lastKnownFileType = sourcecode.swift; path = LoginUseCase.swift; sourceTree = "<group>"; };
		B71C387D2B0754F90065A783 /* UserRequest.swift */ = {isa = PBXFileReference; lastKnownFileType = sourcecode.swift; path = UserRequest.swift; sourceTree = "<group>"; };
		B71C387F2B07554B0065A783 /* FirebaseAuthService.swift */ = {isa = PBXFileReference; lastKnownFileType = sourcecode.swift; path = FirebaseAuthService.swift; sourceTree = "<group>"; };
		B71C38822B075CC70065A783 /* CryptoUtils.swift */ = {isa = PBXFileReference; lastKnownFileType = sourcecode.swift; path = CryptoUtils.swift; sourceTree = "<group>"; };
		B7226B152B01F6990034B451 /* LoginViewModel.swift */ = {isa = PBXFileReference; lastKnownFileType = sourcecode.swift; path = LoginViewModel.swift; sourceTree = "<group>"; };
		B724F92F2AFCBE4400722CE1 /* en */ = {isa = PBXFileReference; lastKnownFileType = text.plist.strings; name = en; path = en.lproj/Localizable.strings; sourceTree = "<group>"; };
		B724F9312AFCBE7A00722CE1 /* ko */ = {isa = PBXFileReference; lastKnownFileType = text.plist.strings; name = ko; path = ko.lproj/Localizable.strings; sourceTree = "<group>"; };
		B72EDCA32B2B0A4000080328 /* KeyboardAnimationManager.swift */ = {isa = PBXFileReference; lastKnownFileType = sourcecode.swift; path = KeyboardAnimationManager.swift; sourceTree = "<group>"; };
		B734DE392B497346009787BE /* SigninProfileView.swift */ = {isa = PBXFileReference; lastKnownFileType = sourcecode.swift; path = SigninProfileView.swift; sourceTree = "<group>"; };
		B734DE3B2B4975F1009787BE /* SigninDescriptionView.swift */ = {isa = PBXFileReference; lastKnownFileType = sourcecode.swift; path = SigninDescriptionView.swift; sourceTree = "<group>"; };
		B734DE3D2B49796A009787BE /* SigninBirthdateView.swift */ = {isa = PBXFileReference; lastKnownFileType = sourcecode.swift; path = SigninBirthdateView.swift; sourceTree = "<group>"; };
		B734DE3F2B497A2A009787BE /* SigninUIConstants.swift */ = {isa = PBXFileReference; lastKnownFileType = sourcecode.swift; path = SigninUIConstants.swift; sourceTree = "<group>"; };
		B734DE412B497A66009787BE /* SigninNicknameView.swift */ = {isa = PBXFileReference; lastKnownFileType = sourcecode.swift; path = SigninNicknameView.swift; sourceTree = "<group>"; };
		B734DE432B498593009787BE /* VlidationError.swift */ = {isa = PBXFileReference; lastKnownFileType = sourcecode.swift; path = VlidationError.swift; sourceTree = "<group>"; };
		B742C5772AEA5EE900E95E96 /* CreateViewModel.swift */ = {isa = PBXFileReference; lastKnownFileType = sourcecode.swift; path = CreateViewModel.swift; sourceTree = "<group>"; };
		B749AED72B3831CB00633BB1 /* AnnotationIdentifying.swift */ = {isa = PBXFileReference; lastKnownFileType = sourcecode.swift; path = AnnotationIdentifying.swift; sourceTree = "<group>"; };
		B749AED92B38391E00633BB1 /* SettingViewModel.swift */ = {isa = PBXFileReference; lastKnownFileType = sourcecode.swift; path = SettingViewModel.swift; sourceTree = "<group>"; };
		B749AEDE2B383EA500633BB1 /* SettingItemHandling.swift */ = {isa = PBXFileReference; lastKnownFileType = sourcecode.swift; path = SettingItemHandling.swift; sourceTree = "<group>"; };
		B749AEE02B383ECC00633BB1 /* LogoutItem.swift */ = {isa = PBXFileReference; lastKnownFileType = sourcecode.swift; path = LogoutItem.swift; sourceTree = "<group>"; };
		B749AEE22B38509A00633BB1 /* DiskCacheItem.swift */ = {isa = PBXFileReference; lastKnownFileType = sourcecode.swift; path = DiskCacheItem.swift; sourceTree = "<group>"; };
		B749AEE42B38527300633BB1 /* ConfirmManager.swift */ = {isa = PBXFileReference; lastKnownFileType = sourcecode.swift; path = ConfirmManager.swift; sourceTree = "<group>"; };
		B749AEE62B38636000633BB1 /* DiskCacheManager.swift */ = {isa = PBXFileReference; lastKnownFileType = sourcecode.swift; path = DiskCacheManager.swift; sourceTree = "<group>"; };
		B74A4FC02AE78BAE00226EA7 /* SearchViewController.swift */ = {isa = PBXFileReference; lastKnownFileType = sourcecode.swift; path = SearchViewController.swift; sourceTree = "<group>"; };
		B74A4FC22AE78BE700226EA7 /* SearchView.swift */ = {isa = PBXFileReference; lastKnownFileType = sourcecode.swift; path = SearchView.swift; sourceTree = "<group>"; };
		B74A4FC42AE7905500226EA7 /* CreateViewController.swift */ = {isa = PBXFileReference; lastKnownFileType = sourcecode.swift; path = CreateViewController.swift; sourceTree = "<group>"; };
		B74A4FC62AE790BE00226EA7 /* CreateView.swift */ = {isa = PBXFileReference; lastKnownFileType = sourcecode.swift; path = CreateView.swift; sourceTree = "<group>"; };
		B7614C0E2AEE085B00CAB8F0 /* ImageCollectionViewCell.swift */ = {isa = PBXFileReference; lastKnownFileType = sourcecode.swift; path = ImageCollectionViewCell.swift; sourceTree = "<group>"; };
		B7631C6A2B2DB50300B111AA /* ReleaseTest.xctestplan */ = {isa = PBXFileReference; lastKnownFileType = text; name = ReleaseTest.xctestplan; path = pins/Resources/ReleaseTest.xctestplan; sourceTree = SOURCE_ROOT; };
		B7631C6C2B2DC27700B111AA /* UserError.swift */ = {isa = PBXFileReference; lastKnownFileType = sourcecode.swift; path = UserError.swift; sourceTree = "<group>"; };
		B7631C732B2DCCBD00B111AA /* DetailViewSnapshotTest.swift */ = {isa = PBXFileReference; lastKnownFileType = sourcecode.swift; path = DetailViewSnapshotTest.swift; sourceTree = "<group>"; };
		B76DD4612AFE0DB000DFE7E1 /* FirestorageService.swift */ = {isa = PBXFileReference; lastKnownFileType = sourcecode.swift; path = FirestorageService.swift; sourceTree = "<group>"; };
		B76DD4652AFE238F00DFE7E1 /* LoadingIndicator.swift */ = {isa = PBXFileReference; lastKnownFileType = sourcecode.swift; path = LoadingIndicator.swift; sourceTree = "<group>"; };
		B76EEA9D2B35F06E00D349EA /* InfoPlist.xcstrings */ = {isa = PBXFileReference; lastKnownFileType = text.json.xcstrings; path = InfoPlist.xcstrings; sourceTree = "<group>"; };
		B7704A232B3313A900E310AC /* SettingViewController.swift */ = {isa = PBXFileReference; lastKnownFileType = sourcecode.swift; path = SettingViewController.swift; sourceTree = "<group>"; };
		B7704A252B3313EB00E310AC /* SettingView.swift */ = {isa = PBXFileReference; lastKnownFileType = sourcecode.swift; path = SettingView.swift; sourceTree = "<group>"; };
		B7704A272B33193100E310AC /* SettingViewCell.swift */ = {isa = PBXFileReference; lastKnownFileType = sourcecode.swift; path = SettingViewCell.swift; sourceTree = "<group>"; };
		B7781B2F2B0F47C8006372CF /* Category.swift */ = {isa = PBXFileReference; lastKnownFileType = sourcecode.swift; path = Category.swift; sourceTree = "<group>"; };
		B7781B322B0F4D4B006372CF /* PinAnnotationView.swift */ = {isa = PBXFileReference; lastKnownFileType = sourcecode.swift; path = PinAnnotationView.swift; sourceTree = "<group>"; };
		B7781B342B0F4F91006372CF /* PinAnnotation.swift */ = {isa = PBXFileReference; lastKnownFileType = sourcecode.swift; path = PinAnnotation.swift; sourceTree = "<group>"; };
		B78099422B06047400C01059 /* ImageInfo.swift */ = {isa = PBXFileReference; lastKnownFileType = sourcecode.swift; path = ImageInfo.swift; sourceTree = "<group>"; };
		B785A77B2B10742E00DC2E88 /* DetailView.swift */ = {isa = PBXFileReference; lastKnownFileType = sourcecode.swift; path = DetailView.swift; sourceTree = "<group>"; };
		B785A77D2B10743600DC2E88 /* DetailViewController.swift */ = {isa = PBXFileReference; lastKnownFileType = sourcecode.swift; path = DetailViewController.swift; sourceTree = "<group>"; };
		B785A7812B108A0A00DC2E88 /* PaddingLabel.swift */ = {isa = PBXFileReference; lastKnownFileType = sourcecode.swift; path = PaddingLabel.swift; sourceTree = "<group>"; };
		B785A7832B1091BC00DC2E88 /* UILabel+Extensions.swift */ = {isa = PBXFileReference; lastKnownFileType = sourcecode.swift; path = "UILabel+Extensions.swift"; sourceTree = "<group>"; };
		B795EA592B3712E60021A791 /* ReuseIdentifying.swift */ = {isa = PBXFileReference; lastKnownFileType = sourcecode.swift; path = ReuseIdentifying.swift; sourceTree = "<group>"; };
		B795EA5B2B3715020021A791 /* AccessibilityIdentifying.swift */ = {isa = PBXFileReference; lastKnownFileType = sourcecode.swift; path = AccessibilityIdentifying.swift; sourceTree = "<group>"; };
		B795EA602B372AFB0021A791 /* CategoryCollectionViewHandling.swift */ = {isa = PBXFileReference; lastKnownFileType = sourcecode.swift; path = CategoryCollectionViewHandling.swift; sourceTree = "<group>"; };
		B795EA622B372C940021A791 /* ImageCollectionViewHandling.swift */ = {isa = PBXFileReference; lastKnownFileType = sourcecode.swift; path = ImageCollectionViewHandling.swift; sourceTree = "<group>"; };
		B79A28F02AF37DEB008FD3CE /* Secrets.xcconfig */ = {isa = PBXFileReference; lastKnownFileType = text.xcconfig; path = Secrets.xcconfig; sourceTree = "<group>"; };
		B79A28F22AF37F93008FD3CE /* LoginViewController.swift */ = {isa = PBXFileReference; lastKnownFileType = sourcecode.swift; path = LoginViewController.swift; sourceTree = "<group>"; };
		B7ADFF712AEA8DF300D34CEA /* Divider.swift */ = {isa = PBXFileReference; lastKnownFileType = sourcecode.swift; path = Divider.swift; sourceTree = "<group>"; };
		B7AE77DD2B3199FB0056D451 /* ImageCacheManager.swift */ = {isa = PBXFileReference; lastKnownFileType = sourcecode.swift; path = ImageCacheManager.swift; sourceTree = "<group>"; };
		B7AEC0CD2B034568004BA42A /* CustomTextView.swift */ = {isa = PBXFileReference; lastKnownFileType = sourcecode.swift; path = CustomTextView.swift; sourceTree = "<group>"; };
		B7AF692D2AE0FEDF00385632 /* pinsSandbox.app */ = {isa = PBXFileReference; explicitFileType = wrapper.application; includeInIndex = 0; path = pinsSandbox.app; sourceTree = BUILT_PRODUCTS_DIR; };
		B7AF69302AE0FEDF00385632 /* AppDelegate.swift */ = {isa = PBXFileReference; lastKnownFileType = sourcecode.swift; path = AppDelegate.swift; sourceTree = "<group>"; };
		B7AF69322AE0FEDF00385632 /* SceneDelegate.swift */ = {isa = PBXFileReference; lastKnownFileType = sourcecode.swift; path = SceneDelegate.swift; sourceTree = "<group>"; };
		B7AF69342AE0FEDF00385632 /* MainViewController.swift */ = {isa = PBXFileReference; lastKnownFileType = sourcecode.swift; path = MainViewController.swift; sourceTree = "<group>"; };
		B7AF69392AE0FEE000385632 /* Assets.xcassets */ = {isa = PBXFileReference; lastKnownFileType = folder.assetcatalog; path = Assets.xcassets; sourceTree = "<group>"; };
		B7AF693E2AE0FEE000385632 /* Info.plist */ = {isa = PBXFileReference; lastKnownFileType = text.plist.xml; path = Info.plist; sourceTree = "<group>"; };
		B7AF69432AE0FEE000385632 /* pinsTests.xctest */ = {isa = PBXFileReference; explicitFileType = wrapper.cfbundle; includeInIndex = 0; path = pinsTests.xctest; sourceTree = BUILT_PRODUCTS_DIR; };
		B7AF69472AE0FEE000385632 /* MainViewModelTests.swift */ = {isa = PBXFileReference; lastKnownFileType = sourcecode.swift; path = MainViewModelTests.swift; sourceTree = "<group>"; };
		B7B20E1A2B1CB92100C8304B /* SigninUseCase.swift */ = {isa = PBXFileReference; lastKnownFileType = sourcecode.swift; path = SigninUseCase.swift; sourceTree = "<group>"; };
		B7B20E1C2B1CBAC700C8304B /* UserRepository.swift */ = {isa = PBXFileReference; lastKnownFileType = sourcecode.swift; path = UserRepository.swift; sourceTree = "<group>"; };
		B7B20E1E2B1CC02500C8304B /* UserService.swift */ = {isa = PBXFileReference; lastKnownFileType = sourcecode.swift; path = UserService.swift; sourceTree = "<group>"; };
		B7B20E232B1CCDB800C8304B /* KeychainManager.swift */ = {isa = PBXFileReference; lastKnownFileType = sourcecode.swift; path = KeychainManager.swift; sourceTree = "<group>"; };
		B7B6781E2B10F012005F819D /* DetailScrollView.swift */ = {isa = PBXFileReference; lastKnownFileType = sourcecode.swift; path = DetailScrollView.swift; sourceTree = "<group>"; };
		B7B977602AFA0A550023718B /* FirebaseFirestore.swift */ = {isa = PBXFileReference; lastKnownFileType = sourcecode.swift; path = FirebaseFirestore.swift; sourceTree = "<group>"; };
		B7B977632AFA0D270023718B /* PinRequest.swift */ = {isa = PBXFileReference; lastKnownFileType = sourcecode.swift; path = PinRequest.swift; sourceTree = "<group>"; };
		B7B977672AFA10AE0023718B /* FirebaseRepository.swift */ = {isa = PBXFileReference; lastKnownFileType = sourcecode.swift; path = FirebaseRepository.swift; sourceTree = "<group>"; };
		B7B9776B2AFA20D80023718B /* Date+Extensions.swift */ = {isa = PBXFileReference; lastKnownFileType = sourcecode.swift; path = "Date+Extensions.swift"; sourceTree = "<group>"; };
		B7BB20232B0E0745003EED3A /* CreateUseCase.swift */ = {isa = PBXFileReference; lastKnownFileType = sourcecode.swift; path = CreateUseCase.swift; sourceTree = "<group>"; };
		B7BB20252B0F1696003EED3A /* MainUseCase.swift */ = {isa = PBXFileReference; lastKnownFileType = sourcecode.swift; path = MainUseCase.swift; sourceTree = "<group>"; };
		B7D0514C2B10AC9C00D86183 /* UITextField+Extensions.swift */ = {isa = PBXFileReference; lastKnownFileType = sourcecode.swift; path = "UITextField+Extensions.swift"; sourceTree = "<group>"; };
		B7D0514F2B10AD1A00D86183 /* DetailNavigationView.swift */ = {isa = PBXFileReference; lastKnownFileType = sourcecode.swift; path = DetailNavigationView.swift; sourceTree = "<group>"; };
		B7D051512B10AD2100D86183 /* DetailContentView.swift */ = {isa = PBXFileReference; lastKnownFileType = sourcecode.swift; path = DetailContentView.swift; sourceTree = "<group>"; };
		B7D051532B10AD2B00D86183 /* DetailCommentView.swift */ = {isa = PBXFileReference; lastKnownFileType = sourcecode.swift; path = DetailCommentView.swift; sourceTree = "<group>"; };
		B7D690002B31D6E60072C10B /* GoogleService-Info.plist */ = {isa = PBXFileReference; fileEncoding = 4; lastKnownFileType = text.plist.xml; path = "GoogleService-Info.plist"; sourceTree = "<group>"; };
		B7D99EC72B18640F00250399 /* UIScreenUtils.swift */ = {isa = PBXFileReference; lastKnownFileType = sourcecode.swift; path = UIScreenUtils.swift; sourceTree = "<group>"; };
		B7DC98E42B260BD9006DD8F7 /* CommentRequest.swift */ = {isa = PBXFileReference; lastKnownFileType = sourcecode.swift; path = CommentRequest.swift; sourceTree = "<group>"; };
		B7DC98E62B260C17006DD8F7 /* CommentResponse.swift */ = {isa = PBXFileReference; lastKnownFileType = sourcecode.swift; path = CommentResponse.swift; sourceTree = "<group>"; };
		B7DC98E82B260FCF006DD8F7 /* CommentView.swift */ = {isa = PBXFileReference; lastKnownFileType = sourcecode.swift; path = CommentView.swift; sourceTree = "<group>"; };
		B7DC98EA2B26179A006DD8F7 /* DetailUseCase.swift */ = {isa = PBXFileReference; lastKnownFileType = sourcecode.swift; path = DetailUseCase.swift; sourceTree = "<group>"; };
		B7DC98EC2B261977006DD8F7 /* CommentService.swift */ = {isa = PBXFileReference; lastKnownFileType = sourcecode.swift; path = CommentService.swift; sourceTree = "<group>"; };
		B7DC98EE2B2619F3006DD8F7 /* CommentRepository.swift */ = {isa = PBXFileReference; lastKnownFileType = sourcecode.swift; path = CommentRepository.swift; sourceTree = "<group>"; };
		B7E050F02AE4FB3A007903C3 /* MainMapView.swift */ = {isa = PBXFileReference; lastKnownFileType = sourcecode.swift; path = MainMapView.swift; sourceTree = "<group>"; };
		B7E0D5902B0CB59D0090A465 /* AnimationManager.swift */ = {isa = PBXFileReference; lastKnownFileType = sourcecode.swift; path = AnimationManager.swift; sourceTree = "<group>"; };
		B7E123692B3D7C520044E1DB /* Data+Extensions.swift */ = {isa = PBXFileReference; lastKnownFileType = sourcecode.swift; path = "Data+Extensions.swift"; sourceTree = "<group>"; };
		B7EC21B22B458A29008F80F7 /* UITableView+Extensions.swift */ = {isa = PBXFileReference; fileEncoding = 4; lastKnownFileType = sourcecode.swift; path = "UITableView+Extensions.swift"; sourceTree = "<group>"; };
		B7ECD44F2B3059E60085C809 /* PinClusterAnnotationView.swift */ = {isa = PBXFileReference; lastKnownFileType = sourcecode.swift; path = PinClusterAnnotationView.swift; sourceTree = "<group>"; };
		B7F071B62B14855000BB5AB9 /* DetailViewModel.swift */ = {isa = PBXFileReference; lastKnownFileType = sourcecode.swift; path = DetailViewModel.swift; sourceTree = "<group>"; };
		B7F071B82B14876C00BB5AB9 /* PinResponse.swift */ = {isa = PBXFileReference; lastKnownFileType = sourcecode.swift; path = PinResponse.swift; sourceTree = "<group>"; };
		B7F0B8F22B3C34A100E9BA6D /* CommentError.swift */ = {isa = PBXFileReference; lastKnownFileType = sourcecode.swift; path = CommentError.swift; sourceTree = "<group>"; };
		B7F6A8D92AE2B61500892215 /* Base */ = {isa = PBXFileReference; lastKnownFileType = file.storyboard; name = Base; path = Base.lproj/LaunchScreen.storyboard; sourceTree = "<group>"; };
		B7F8B3062B309D2C00B869BB /* MockClass.swift */ = {isa = PBXFileReference; lastKnownFileType = sourcecode.swift; path = MockClass.swift; sourceTree = "<group>"; };
/* End PBXFileReference section */

/* Begin PBXFrameworksBuildPhase section */
		B7AF692A2AE0FEDF00385632 /* Frameworks */ = {
			isa = PBXFrameworksBuildPhase;
			buildActionMask = 2147483647;
			files = (
				B7E8A4702AEB84420026931D /* FirebaseAnalytics in Frameworks */,
				B7B977662AFA0F550023718B /* FirebaseFirestore in Frameworks */,
				B7BC79172AF4AB8900BBE0A9 /* FirebaseAuth in Frameworks */,
				B76DD4642AFE0E4B00DFE7E1 /* FirebaseStorage in Frameworks */,
				B7E8A4722AEB84420026931D /* FirebaseCrashlytics in Frameworks */,
				B72EDCA22B2B071C00080328 /* GoogleSignIn in Frameworks */,
			);
			runOnlyForDeploymentPostprocessing = 0;
		};
		B7AF69402AE0FEE000385632 /* Frameworks */ = {
			isa = PBXFrameworksBuildPhase;
			buildActionMask = 2147483647;
			files = (
				B7F8B3052B30938400B869BB /* iOSSnapshotTestCase in Frameworks */,
			);
			runOnlyForDeploymentPostprocessing = 0;
		};
/* End PBXFrameworksBuildPhase section */

/* Begin PBXGroup section */
		B710588C2AEA2699003D6039 /* Extension */ = {
			isa = PBXGroup;
			children = (
				B710588D2AEA2699003D6039 /* OSLog+Extensions.swift */,
				B7EC21B22B458A29008F80F7 /* UITableView+Extensions.swift */,
				B7035B842AF8D1FF000F74ED /* UIView+Extensions.swift */,
				B7B9776B2AFA20D80023718B /* Date+Extensions.swift */,
				B785A7832B1091BC00DC2E88 /* UILabel+Extensions.swift */,
				B7D0514C2B10AC9C00D86183 /* UITextField+Extensions.swift */,
				B70EE5BC2B15D7DD00BCCACF /* String+Extensions.swift */,
				B70BBA522B1703C700F0F9A6 /* UIImage+Extensions.swift */,
				B7194A452B1B573800642FDA /* CALayer+Extensions.swift */,
				B7E123692B3D7C520044E1DB /* Data+Extensions.swift */,
			);
			path = Extension;
			sourceTree = "<group>";
		};
		B710588F2AEA291E003D6039 /* ViewModel */ = {
			isa = PBXGroup;
			children = (
				B71058902AEA2974003D6039 /* MainViewModel.swift */,
				B742C5772AEA5EE900E95E96 /* CreateViewModel.swift */,
				B7226B152B01F6990034B451 /* LoginViewModel.swift */,
				B7F071B62B14855000BB5AB9 /* DetailViewModel.swift */,
				B7194A472B1B596F00642FDA /* SigninViewModel.swift */,
				B749AED92B38391E00633BB1 /* SettingViewModel.swift */,
			);
			path = ViewModel;
			sourceTree = "<group>";
		};
		B71C38722B07510A0065A783 /* Presentation */ = {
			isa = PBXGroup;
			children = (
				B7E0D58F2B0CB5920090A465 /* Animation */,
				B7E050EF2AE4FB30007903C3 /* View */,
				B74A4FBF2AE78B7600226EA7 /* ViewController */,
				B710588F2AEA291E003D6039 /* ViewModel */,
			);
			path = Presentation;
			sourceTree = "<group>";
		};
		B71C38732B0751140065A783 /* Domain */ = {
			isa = PBXGroup;
			children = (
				B7631C6B2B2DC26200B111AA /* Error */,
				B71C38762B0751610065A783 /* Entity */,
				B71C38752B0751580065A783 /* UseCase */,
			);
			path = Domain;
			sourceTree = "<group>";
		};
		B71C38742B07511A0065A783 /* Data */ = {
			isa = PBXGroup;
			children = (
				B71C38782B0751860065A783 /* Repository */,
				B71C38772B0751820065A783 /* Service */,
			);
			path = Data;
			sourceTree = "<group>";
		};
		B71C38752B0751580065A783 /* UseCase */ = {
			isa = PBXGroup;
			children = (
				B71C387B2B0753BB0065A783 /* LoginUseCase.swift */,
				B7BB20232B0E0745003EED3A /* CreateUseCase.swift */,
				B7BB20252B0F1696003EED3A /* MainUseCase.swift */,
				B7B20E1A2B1CB92100C8304B /* SigninUseCase.swift */,
				B7DC98EA2B26179A006DD8F7 /* DetailUseCase.swift */,
			);
			path = UseCase;
			sourceTree = "<group>";
		};
		B71C38762B0751610065A783 /* Entity */ = {
			isa = PBXGroup;
			children = (
				B7B977632AFA0D270023718B /* PinRequest.swift */,
				B7F071B82B14876C00BB5AB9 /* PinResponse.swift */,
				B71C387D2B0754F90065A783 /* UserRequest.swift */,
				B711B6AB2B21C55600C661E3 /* UserResponse.swift */,
				B78099422B06047400C01059 /* ImageInfo.swift */,
				B7781B2F2B0F47C8006372CF /* Category.swift */,
				B7DC98E42B260BD9006DD8F7 /* CommentRequest.swift */,
				B7DC98E62B260C17006DD8F7 /* CommentResponse.swift */,
			);
			path = Entity;
			sourceTree = "<group>";
		};
		B71C38772B0751820065A783 /* Service */ = {
			isa = PBXGroup;
			children = (
				B7B977602AFA0A550023718B /* FirebaseFirestore.swift */,
				B76DD4612AFE0DB000DFE7E1 /* FirestorageService.swift */,
				B71C387F2B07554B0065A783 /* FirebaseAuthService.swift */,
				B7B20E1E2B1CC02500C8304B /* UserService.swift */,
				B7DC98EC2B261977006DD8F7 /* CommentService.swift */,
			);
			path = Service;
			sourceTree = "<group>";
		};
		B71C38782B0751860065A783 /* Repository */ = {
			isa = PBXGroup;
			children = (
				B7B977672AFA10AE0023718B /* FirebaseRepository.swift */,
				B7B20E1C2B1CBAC700C8304B /* UserRepository.swift */,
				B7DC98EE2B2619F3006DD8F7 /* CommentRepository.swift */,
			);
			path = Repository;
			sourceTree = "<group>";
		};
		B71C38792B07522F0065A783 /* Application */ = {
			isa = PBXGroup;
			children = (
				B7AF69302AE0FEDF00385632 /* AppDelegate.swift */,
				B7AF69322AE0FEDF00385632 /* SceneDelegate.swift */,
			);
			path = Application;
			sourceTree = "<group>";
		};
		B71C387A2B0752780065A783 /* Resources */ = {
			isa = PBXGroup;
			children = (
				B7631C6A2B2DB50300B111AA /* ReleaseTest.xctestplan */,
				B7D690002B31D6E60072C10B /* GoogleService-Info.plist */,
				B7AF69392AE0FEE000385632 /* Assets.xcassets */,
				B7AF693E2AE0FEE000385632 /* Info.plist */,
				B724F9302AFCBE4400722CE1 /* Localizable.strings */,
				B7157E6B2AF392E4007CEF95 /* pins.entitlements */,
				B79A28F02AF37DEB008FD3CE /* Secrets.xcconfig */,
				B7F6A8D82AE2B61500892215 /* LaunchScreen.storyboard */,
				B76EEA9D2B35F06E00D349EA /* InfoPlist.xcstrings */,
			);
			path = Resources;
			sourceTree = "<group>";
		};
		B71C38812B075CB90065A783 /* Utils */ = {
			isa = PBXGroup;
			children = (
				B795EA5F2B372AE60021A791 /* Protocols */,
				B71C38822B075CC70065A783 /* CryptoUtils.swift */,
				B7D99EC72B18640F00250399 /* UIScreenUtils.swift */,
				B7B20E232B1CCDB800C8304B /* KeychainManager.swift */,
				B711B6A92B21C08D00C661E3 /* ImagePickerManager.swift */,
				B72EDCA32B2B0A4000080328 /* KeyboardAnimationManager.swift */,
				B749AEDE2B383EA500633BB1 /* SettingItemHandling.swift */,
				B749AEE42B38527300633BB1 /* ConfirmManager.swift */,
				B7AE77DD2B3199FB0056D451 /* ImageCacheManager.swift */,
				B749AEE62B38636000633BB1 /* DiskCacheManager.swift */,
			);
			path = Utils;
			sourceTree = "<group>";
		};
		B734DE382B49732A009787BE /* SigninView */ = {
			isa = PBXGroup;
			children = (
				B7194A432B1B4F4600642FDA /* SigninView.swift */,
				B734DE392B497346009787BE /* SigninProfileView.swift */,
				B734DE3B2B4975F1009787BE /* SigninDescriptionView.swift */,
				B734DE3D2B49796A009787BE /* SigninBirthdateView.swift */,
				B734DE412B497A66009787BE /* SigninNicknameView.swift */,
				B734DE3F2B497A2A009787BE /* SigninUIConstants.swift */,
			);
			path = SigninView;
			sourceTree = "<group>";
		};
		B74A4FBF2AE78B7600226EA7 /* ViewController */ = {
			isa = PBXGroup;
			children = (
				B7AF69342AE0FEDF00385632 /* MainViewController.swift */,
				B74A4FC02AE78BAE00226EA7 /* SearchViewController.swift */,
				B74A4FC42AE7905500226EA7 /* CreateViewController.swift */,
				B79A28F22AF37F93008FD3CE /* LoginViewController.swift */,
				B785A77D2B10743600DC2E88 /* DetailViewController.swift */,
				B7194A412B1B4F3300642FDA /* SigninViewController.swift */,
				B7704A232B3313A900E310AC /* SettingViewController.swift */,
			);
			path = ViewController;
			sourceTree = "<group>";
		};
		B7614C102AEE085F00CAB8F0 /* CreateView */ = {
			isa = PBXGroup;
			children = (
				B74A4FC62AE790BE00226EA7 /* CreateView.swift */,
				B71058942AEA42F8003D6039 /* CategoryCollectionViewCell.swift */,
				B7614C0E2AEE085B00CAB8F0 /* ImageCollectionViewCell.swift */,
			);
			path = CreateView;
			sourceTree = "<group>";
		};
		B7614C112AEE087000CAB8F0 /* Common */ = {
			isa = PBXGroup;
			children = (
				B7AEC0CD2B034568004BA42A /* CustomTextView.swift */,
				B71058922AEA2CB3003D6039 /* CustomButton.swift */,
				B7ADFF712AEA8DF300D34CEA /* Divider.swift */,
				B76DD4652AFE238F00DFE7E1 /* LoadingIndicator.swift */,
				B785A7812B108A0A00DC2E88 /* PaddingLabel.swift */,
			);
			path = Common;
			sourceTree = "<group>";
		};
		B7631C6B2B2DC26200B111AA /* Error */ = {
			isa = PBXGroup;
			children = (
				B7631C6C2B2DC27700B111AA /* UserError.swift */,
				B7F0B8F22B3C34A100E9BA6D /* CommentError.swift */,
				B734DE432B498593009787BE /* VlidationError.swift */,
			);
			path = Error;
			sourceTree = "<group>";
		};
		B7704A292B33194700E310AC /* SettingView */ = {
			isa = PBXGroup;
			children = (
				B7704A252B3313EB00E310AC /* SettingView.swift */,
				B7704A272B33193100E310AC /* SettingViewCell.swift */,
				B749AEE02B383ECC00633BB1 /* LogoutItem.swift */,
				B749AEE22B38509A00633BB1 /* DiskCacheItem.swift */,
			);
			path = SettingView;
			sourceTree = "<group>";
		};
		B7781B312B0F4D3A006372CF /* MainMapView */ = {
			isa = PBXGroup;
			children = (
				B7E050F02AE4FB3A007903C3 /* MainMapView.swift */,
				B7781B342B0F4F91006372CF /* PinAnnotation.swift */,
				B7781B322B0F4D4B006372CF /* PinAnnotationView.swift */,
				B7ECD44F2B3059E60085C809 /* PinClusterAnnotationView.swift */,
			);
			path = MainMapView;
			sourceTree = "<group>";
		};
		B795EA5F2B372AE60021A791 /* Protocols */ = {
			isa = PBXGroup;
			children = (
				B795EA592B3712E60021A791 /* ReuseIdentifying.swift */,
				B795EA5B2B3715020021A791 /* AccessibilityIdentifying.swift */,
				B795EA602B372AFB0021A791 /* CategoryCollectionViewHandling.swift */,
				B795EA622B372C940021A791 /* ImageCollectionViewHandling.swift */,
				B749AED72B3831CB00633BB1 /* AnnotationIdentifying.swift */,
			);
			path = Protocols;
			sourceTree = "<group>";
		};
		B7AF69242AE0FEDF00385632 = {
			isa = PBXGroup;
			children = (
				B703C0E32B29F351008E9181 /* .swiftlint.yml */,
				B7AF692F2AE0FEDF00385632 /* pins */,
				B7AF69462AE0FEE000385632 /* pinsTests */,
				B7AF692E2AE0FEDF00385632 /* Products */,
				B7BC79152AF4AB8900BBE0A9 /* Frameworks */,
			);
			sourceTree = "<group>";
		};
		B7AF692E2AE0FEDF00385632 /* Products */ = {
			isa = PBXGroup;
			children = (
				B7AF692D2AE0FEDF00385632 /* pinsSandbox.app */,
				B7AF69432AE0FEE000385632 /* pinsTests.xctest */,
			);
			name = Products;
			sourceTree = "<group>";
		};
		B7AF692F2AE0FEDF00385632 /* pins */ = {
			isa = PBXGroup;
			children = (
				B71C38812B075CB90065A783 /* Utils */,
				B71C38792B07522F0065A783 /* Application */,
				B71C38722B07510A0065A783 /* Presentation */,
				B71C38732B0751140065A783 /* Domain */,
				B71C38742B07511A0065A783 /* Data */,
				B71C387A2B0752780065A783 /* Resources */,
				B710588C2AEA2699003D6039 /* Extension */,
			);
			path = pins;
			sourceTree = "<group>";
		};
		B7AF69462AE0FEE000385632 /* pinsTests */ = {
			isa = PBXGroup;
			children = (
				B7AF69472AE0FEE000385632 /* MainViewModelTests.swift */,
				B7631C732B2DCCBD00B111AA /* DetailViewSnapshotTest.swift */,
				B7F8B3062B309D2C00B869BB /* MockClass.swift */,
			);
			path = pinsTests;
			sourceTree = "<group>";
		};
		B7BC79152AF4AB8900BBE0A9 /* Frameworks */ = {
			isa = PBXGroup;
			children = (
			);
			name = Frameworks;
			sourceTree = "<group>";
		};
		B7D0514E2B10ACEF00D86183 /* DetailView */ = {
			isa = PBXGroup;
			children = (
				B785A77B2B10742E00DC2E88 /* DetailView.swift */,
				B7D0514F2B10AD1A00D86183 /* DetailNavigationView.swift */,
				B7D051512B10AD2100D86183 /* DetailContentView.swift */,
				B7D051532B10AD2B00D86183 /* DetailCommentView.swift */,
				B7B6781E2B10F012005F819D /* DetailScrollView.swift */,
				B7DC98E82B260FCF006DD8F7 /* CommentView.swift */,
			);
			path = DetailView;
			sourceTree = "<group>";
		};
		B7E050EF2AE4FB30007903C3 /* View */ = {
			isa = PBXGroup;
			children = (
				B734DE382B49732A009787BE /* SigninView */,
				B7614C112AEE087000CAB8F0 /* Common */,
				B7781B312B0F4D3A006372CF /* MainMapView */,
				B7614C102AEE085F00CAB8F0 /* CreateView */,
				B7D0514E2B10ACEF00D86183 /* DetailView */,
				B7704A292B33194700E310AC /* SettingView */,
				B74A4FC22AE78BE700226EA7 /* SearchView.swift */,
				B7157E692AF384E2007CEF95 /* LoginView.swift */,
			);
			path = View;
			sourceTree = "<group>";
		};
		B7E0D58F2B0CB5920090A465 /* Animation */ = {
			isa = PBXGroup;
			children = (
				B7E0D5902B0CB59D0090A465 /* AnimationManager.swift */,
			);
			path = Animation;
			sourceTree = "<group>";
		};
/* End PBXGroup section */

/* Begin PBXNativeTarget section */
		B7AF692C2AE0FEDF00385632 /* pins */ = {
			isa = PBXNativeTarget;
			buildConfigurationList = B7AF69572AE0FEE000385632 /* Build configuration list for PBXNativeTarget "pins" */;
			buildPhases = (
				B745F0D72AF28A6600224EC9 /* Google Service Setting */,
				B7AF69292AE0FEDF00385632 /* Sources */,
				B703C0E22B29F28E008E9181 /* SwiftLint Script */,
				B7AF692A2AE0FEDF00385632 /* Frameworks */,
				B7AF692B2AE0FEDF00385632 /* Resources */,
			);
			buildRules = (
			);
			dependencies = (
			);
			name = pins;
			packageProductDependencies = (
				B7E8A46F2AEB84420026931D /* FirebaseAnalytics */,
				B7E8A4712AEB84420026931D /* FirebaseCrashlytics */,
				B7BC79162AF4AB8900BBE0A9 /* FirebaseAuth */,
				B7B977652AFA0F550023718B /* FirebaseFirestore */,
				B76DD4632AFE0E4B00DFE7E1 /* FirebaseStorage */,
				B72EDCA12B2B071C00080328 /* GoogleSignIn */,
			);
			productName = pins;
			productReference = B7AF692D2AE0FEDF00385632 /* pinsSandbox.app */;
			productType = "com.apple.product-type.application";
		};
		B7AF69422AE0FEE000385632 /* pinsTests */ = {
			isa = PBXNativeTarget;
			buildConfigurationList = B7AF695A2AE0FEE000385632 /* Build configuration list for PBXNativeTarget "pinsTests" */;
			buildPhases = (
				B7AF693F2AE0FEE000385632 /* Sources */,
				B7AF69402AE0FEE000385632 /* Frameworks */,
				B7AF69412AE0FEE000385632 /* Resources */,
			);
			buildRules = (
			);
			dependencies = (
				B7AF69452AE0FEE000385632 /* PBXTargetDependency */,
			);
			name = pinsTests;
			packageProductDependencies = (
				B7F8B3042B30938400B869BB /* iOSSnapshotTestCase */,
			);
			productName = pinsTests;
			productReference = B7AF69432AE0FEE000385632 /* pinsTests.xctest */;
			productType = "com.apple.product-type.bundle.unit-test";
		};
/* End PBXNativeTarget section */

/* Begin PBXProject section */
		B7AF69252AE0FEDF00385632 /* Project object */ = {
			isa = PBXProject;
			attributes = {
				BuildIndependentTargetsInParallel = 1;
				LastSwiftUpdateCheck = 1500;
				LastUpgradeCheck = 1510;
				TargetAttributes = {
					B7AF692C2AE0FEDF00385632 = {
						CreatedOnToolsVersion = 15.0;
					};
					B7AF69422AE0FEE000385632 = {
						CreatedOnToolsVersion = 15.0;
						TestTargetID = B7AF692C2AE0FEDF00385632;
					};
				};
			};
			buildConfigurationList = B7AF69282AE0FEDF00385632 /* Build configuration list for PBXProject "pins" */;
			compatibilityVersion = "Xcode 14.0";
			developmentRegion = ko;
			hasScannedForEncodings = 0;
			knownRegions = (
				en,
				Base,
				ko,
			);
			mainGroup = B7AF69242AE0FEDF00385632;
			packageReferences = (
				B7E8A46E2AEB84420026931D /* XCRemoteSwiftPackageReference "firebase-ios-sdk" */,
				B7DE80662B08A979007A7AEF /* XCRemoteSwiftPackageReference "GoogleSignIn-iOS" */,
				B7F8B3032B30938400B869BB /* XCRemoteSwiftPackageReference "ios-snapshot-test-case" */,
			);
			productRefGroup = B7AF692E2AE0FEDF00385632 /* Products */;
			projectDirPath = "";
			projectRoot = "";
			targets = (
				B7AF692C2AE0FEDF00385632 /* pins */,
				B7AF69422AE0FEE000385632 /* pinsTests */,
			);
		};
/* End PBXProject section */

/* Begin PBXResourcesBuildPhase section */
		B7AF692B2AE0FEDF00385632 /* Resources */ = {
			isa = PBXResourcesBuildPhase;
			buildActionMask = 2147483647;
			files = (
				B76EEA9E2B35F06E00D349EA /* InfoPlist.xcstrings in Resources */,
				B703C0E42B29F351008E9181 /* .swiftlint.yml in Resources */,
				B724F92E2AFCBE4400722CE1 /* Localizable.strings in Resources */,
				B7F6A8DA2AE2B61500892215 /* LaunchScreen.storyboard in Resources */,
				B7AF693A2AE0FEE000385632 /* Assets.xcassets in Resources */,
				B7D690012B31D6E60072C10B /* GoogleService-Info.plist in Resources */,
			);
			runOnlyForDeploymentPostprocessing = 0;
		};
		B7AF69412AE0FEE000385632 /* Resources */ = {
			isa = PBXResourcesBuildPhase;
			buildActionMask = 2147483647;
			files = (
			);
			runOnlyForDeploymentPostprocessing = 0;
		};
/* End PBXResourcesBuildPhase section */

/* Begin PBXShellScriptBuildPhase section */
		B703C0E22B29F28E008E9181 /* SwiftLint Script */ = {
			isa = PBXShellScriptBuildPhase;
			alwaysOutOfDate = 1;
			buildActionMask = 12;
			files = (
			);
			inputFileListPaths = (
			);
			inputPaths = (
			);
			name = "SwiftLint Script";
			outputFileListPaths = (
			);
			outputPaths = (
			);
			runOnlyForDeploymentPostprocessing = 0;
			shellPath = /bin/sh;
			shellScript = "# Type a script or drag a script file from your workspace to insert its path.\nif test -d \"/opt/homebrew/bin/\"; then\n  PATH=\"/opt/homebrew/bin/:${PATH}\"\nfi\n\nexport PATH\n\nif which swiftlint >/dev/null; then\n  swiftlint\nelse\n  echo \"warning: SwiftLint not installed, download from https://github.com/realm/SwiftLint\"\nfi\n";
		};
		B745F0D72AF28A6600224EC9 /* Google Service Setting */ = {
			isa = PBXShellScriptBuildPhase;
			alwaysOutOfDate = 1;
			buildActionMask = 12;
			files = (
			);
			inputFileListPaths = (
			);
			inputPaths = (
			);
			name = "Google Service Setting";
			outputFileListPaths = (
			);
			outputPaths = (
			);
			runOnlyForDeploymentPostprocessing = 0;
			shellPath = /bin/sh;
			shellScript = "# xcconfig에서 API_KEY 값을 읽기\nAPI_KEY=${GOOGLE_API_KEY}\nGCM_SENDER_ID=${GCM_SENDER_ID}\nGOOGLE_APP_ID=${GOOGLE_APP_ID}\nREVERSED_CLIENT_ID=${REVERSED_CLIENT_ID}\n# 커스텀 plist 파일 경로\nPLIST=${SRCROOT}/pins/Resources/GoogleService-Info.plist\n\n# plist 파일에 API_KEY 값 설정\n/usr/libexec/PlistBuddy -c \"Set :API_KEY $API_KEY\" \"$PLIST\"\n/usr/libexec/PlistBuddy -c \"Set :GCM_SENDER_ID $GCM_SENDER_ID\" \"$PLIST\"\n/usr/libexec/PlistBuddy -c \"Set :GOOGLE_APP_ID $GOOGLE_APP_ID\" \"$PLIST\"\n/usr/libexec/PlistBuddy -c \"Set :REVERSED_CLIENT_ID $REVERSED_CLIENT_ID\" \"$PLIST\"\n";
		};
/* End PBXShellScriptBuildPhase section */

/* Begin PBXSourcesBuildPhase section */
		B7AF69292AE0FEDF00385632 /* Sources */ = {
			isa = PBXSourcesBuildPhase;
			buildActionMask = 2147483647;
			files = (
				B7B6781F2B10F012005F819D /* DetailScrollView.swift in Sources */,
				B70BBA532B1703C700F0F9A6 /* UIImage+Extensions.swift in Sources */,
				B785A77E2B10743600DC2E88 /* DetailViewController.swift in Sources */,
				B7F071B92B14876C00BB5AB9 /* PinResponse.swift in Sources */,
				B7E0D5912B0CB59D0090A465 /* AnimationManager.swift in Sources */,
				B7B9776C2AFA20D80023718B /* Date+Extensions.swift in Sources */,
				B7D051522B10AD2100D86183 /* DetailContentView.swift in Sources */,
				B7194A462B1B573800642FDA /* CALayer+Extensions.swift in Sources */,
				B734DE402B497A2A009787BE /* SigninUIConstants.swift in Sources */,
				B749AEE32B38509A00633BB1 /* DiskCacheItem.swift in Sources */,
				B7B977612AFA0A550023718B /* FirebaseFirestore.swift in Sources */,
				B74A4FC12AE78BAE00226EA7 /* SearchViewController.swift in Sources */,
				B711B6AA2B21C08D00C661E3 /* ImagePickerManager.swift in Sources */,
				B7AF69352AE0FEDF00385632 /* MainViewController.swift in Sources */,
				B74A4FC72AE790BE00226EA7 /* CreateView.swift in Sources */,
				B795EA632B372C940021A791 /* ImageCollectionViewHandling.swift in Sources */,
				B7DC98EF2B2619F3006DD8F7 /* CommentRepository.swift in Sources */,
				B7781B302B0F47C8006372CF /* Category.swift in Sources */,
				B7ADFF722AEA8DF300D34CEA /* Divider.swift in Sources */,
				B74A4FC52AE7905500226EA7 /* CreateViewController.swift in Sources */,
				B749AED82B3831CB00633BB1 /* AnnotationIdentifying.swift in Sources */,
				B7194A422B1B4F3300642FDA /* SigninViewController.swift in Sources */,
				B7DC98EB2B26179A006DD8F7 /* DetailUseCase.swift in Sources */,
				B749AEE52B38527300633BB1 /* ConfirmManager.swift in Sources */,
				B7ECD4502B3059E60085C809 /* PinClusterAnnotationView.swift in Sources */,
				B749AEE12B383ECC00633BB1 /* LogoutItem.swift in Sources */,
				B742C5782AEA5EE900E95E96 /* CreateViewModel.swift in Sources */,
				B749AEE72B38636000633BB1 /* DiskCacheManager.swift in Sources */,
				B734DE3E2B49796A009787BE /* SigninBirthdateView.swift in Sources */,
				B7DC98E72B260C17006DD8F7 /* CommentResponse.swift in Sources */,
				B7D051502B10AD1A00D86183 /* DetailNavigationView.swift in Sources */,
				B71C387E2B0754F90065A783 /* UserRequest.swift in Sources */,
				B7AE77DE2B3199FB0056D451 /* ImageCacheManager.swift in Sources */,
				B7B20E242B1CCDB800C8304B /* KeychainManager.swift in Sources */,
				B7F071B72B14855000BB5AB9 /* DetailViewModel.swift in Sources */,
				B749AEDF2B383EA500633BB1 /* SettingItemHandling.swift in Sources */,
				B7614C0F2AEE085B00CAB8F0 /* ImageCollectionViewCell.swift in Sources */,
				B7AF69312AE0FEDF00385632 /* AppDelegate.swift in Sources */,
				B71058912AEA2974003D6039 /* MainViewModel.swift in Sources */,
				B76DD4662AFE238F00DFE7E1 /* LoadingIndicator.swift in Sources */,
				B7E1236A2B3D7C520044E1DB /* Data+Extensions.swift in Sources */,
				B7631C6D2B2DC27700B111AA /* UserError.swift in Sources */,
				B795EA5A2B3712E60021A791 /* ReuseIdentifying.swift in Sources */,
				B7781B332B0F4D4B006372CF /* PinAnnotationView.swift in Sources */,
				B7BB20262B0F1696003EED3A /* MainUseCase.swift in Sources */,
				B7E050F12AE4FB3A007903C3 /* MainMapView.swift in Sources */,
				B7704A282B33193100E310AC /* SettingViewCell.swift in Sources */,
				B7157E6A2AF384E2007CEF95 /* LoginView.swift in Sources */,
				B71058932AEA2CB3003D6039 /* CustomButton.swift in Sources */,
				B7D051542B10AD2B00D86183 /* DetailCommentView.swift in Sources */,
				B7D0514D2B10AC9C00D86183 /* UITextField+Extensions.swift in Sources */,
				B74A4FC32AE78BE700226EA7 /* SearchView.swift in Sources */,
				B7EC21B12B456EC5008F80F7 /* (null) in Sources */,
				B7EC21B32B458A29008F80F7 /* UITableView+Extensions.swift in Sources */,
				B79A28F32AF37F93008FD3CE /* LoginViewController.swift in Sources */,
				B78099432B06047400C01059 /* ImageInfo.swift in Sources */,
				B71C387C2B0753BB0065A783 /* LoginUseCase.swift in Sources */,
				B795EA612B372AFB0021A791 /* CategoryCollectionViewHandling.swift in Sources */,
				B7B20E1F2B1CC02500C8304B /* UserService.swift in Sources */,
				B7D99EC82B18640F00250399 /* UIScreenUtils.swift in Sources */,
				B7DC98ED2B261977006DD8F7 /* CommentService.swift in Sources */,
				B72EDCA42B2B0A4000080328 /* KeyboardAnimationManager.swift in Sources */,
				B785A7842B1091BC00DC2E88 /* UILabel+Extensions.swift in Sources */,
				B7BB20242B0E0745003EED3A /* CreateUseCase.swift in Sources */,
				B734DE3A2B497346009787BE /* SigninProfileView.swift in Sources */,
				B7704A262B3313EB00E310AC /* SettingView.swift in Sources */,
				B71C38802B07554B0065A783 /* FirebaseAuthService.swift in Sources */,
				B7194A442B1B4F4600642FDA /* SigninView.swift in Sources */,
				B749AEDA2B38391E00633BB1 /* SettingViewModel.swift in Sources */,
				B7AEC0CE2B034568004BA42A /* CustomTextView.swift in Sources */,
				B7F0B8F32B3C34A100E9BA6D /* CommentError.swift in Sources */,
				B70EE5BD2B15D7DD00BCCACF /* String+Extensions.swift in Sources */,
				B7B977682AFA10AE0023718B /* FirebaseRepository.swift in Sources */,
				B7B20E1B2B1CB92100C8304B /* SigninUseCase.swift in Sources */,
				B785A7822B108A0A00DC2E88 /* PaddingLabel.swift in Sources */,
				B795EA5C2B3715020021A791 /* AccessibilityIdentifying.swift in Sources */,
				B7B977642AFA0D270023718B /* PinRequest.swift in Sources */,
				B7AF69332AE0FEDF00385632 /* SceneDelegate.swift in Sources */,
				B71C38832B075CC70065A783 /* CryptoUtils.swift in Sources */,
				B7704A242B3313A900E310AC /* SettingViewController.swift in Sources */,
				B7B20E1D2B1CBAC700C8304B /* UserRepository.swift in Sources */,
				B734DE442B498593009787BE /* VlidationError.swift in Sources */,
				B7DC98E92B260FCF006DD8F7 /* CommentView.swift in Sources */,
				B734DE3C2B4975F1009787BE /* SigninDescriptionView.swift in Sources */,
				B7DC98E52B260BD9006DD8F7 /* CommentRequest.swift in Sources */,
				B734DE422B497A66009787BE /* SigninNicknameView.swift in Sources */,
				B710588E2AEA2699003D6039 /* OSLog+Extensions.swift in Sources */,
				B76DD4622AFE0DB000DFE7E1 /* FirestorageService.swift in Sources */,
				B7035B852AF8D1FF000F74ED /* UIView+Extensions.swift in Sources */,
				B711B6AC2B21C55600C661E3 /* UserResponse.swift in Sources */,
				B7226B162B01F6990034B451 /* LoginViewModel.swift in Sources */,
				B785A77C2B10742E00DC2E88 /* DetailView.swift in Sources */,
				B7194A482B1B596F00642FDA /* SigninViewModel.swift in Sources */,
				B71058952AEA42F8003D6039 /* CategoryCollectionViewCell.swift in Sources */,
				B7781B352B0F4F91006372CF /* PinAnnotation.swift in Sources */,
			);
			runOnlyForDeploymentPostprocessing = 0;
		};
		B7AF693F2AE0FEE000385632 /* Sources */ = {
			isa = PBXSourcesBuildPhase;
			buildActionMask = 2147483647;
			files = (
				B7AF69482AE0FEE000385632 /* MainViewModelTests.swift in Sources */,
				B7F8B3072B309D2C00B869BB /* MockClass.swift in Sources */,
				B7631C742B2DCCBD00B111AA /* DetailViewSnapshotTest.swift in Sources */,
			);
			runOnlyForDeploymentPostprocessing = 0;
		};
/* End PBXSourcesBuildPhase section */

/* Begin PBXTargetDependency section */
		B7AF69452AE0FEE000385632 /* PBXTargetDependency */ = {
			isa = PBXTargetDependency;
			target = B7AF692C2AE0FEDF00385632 /* pins */;
			targetProxy = B7AF69442AE0FEE000385632 /* PBXContainerItemProxy */;
		};
/* End PBXTargetDependency section */

/* Begin PBXVariantGroup section */
		B724F9302AFCBE4400722CE1 /* Localizable.strings */ = {
			isa = PBXVariantGroup;
			children = (
				B724F92F2AFCBE4400722CE1 /* en */,
				B724F9312AFCBE7A00722CE1 /* ko */,
			);
			name = Localizable.strings;
			sourceTree = "<group>";
		};
		B7F6A8D82AE2B61500892215 /* LaunchScreen.storyboard */ = {
			isa = PBXVariantGroup;
			children = (
				B7F6A8D92AE2B61500892215 /* Base */,
			);
			name = LaunchScreen.storyboard;
			sourceTree = "<group>";
		};
/* End PBXVariantGroup section */

/* Begin XCBuildConfiguration section */
		B76C2B692B19EAF500E4F0E0 /* Dev */ = {
			isa = XCBuildConfiguration;
			baseConfigurationReference = B79A28F02AF37DEB008FD3CE /* Secrets.xcconfig */;
			buildSettings = {
				ALWAYS_SEARCH_USER_PATHS = NO;
				ASSETCATALOG_COMPILER_GENERATE_SWIFT_ASSET_SYMBOL_EXTENSIONS = YES;
				CLANG_ANALYZER_LOCALIZABILITY_NONLOCALIZED = YES;
				CLANG_ANALYZER_NONNULL = YES;
				CLANG_ANALYZER_NUMBER_OBJECT_CONVERSION = YES_AGGRESSIVE;
				CLANG_CXX_LANGUAGE_STANDARD = "gnu++20";
				CLANG_ENABLE_MODULES = YES;
				CLANG_ENABLE_OBJC_ARC = YES;
				CLANG_ENABLE_OBJC_WEAK = YES;
				CLANG_WARN_BLOCK_CAPTURE_AUTORELEASING = YES;
				CLANG_WARN_BOOL_CONVERSION = YES;
				CLANG_WARN_COMMA = YES;
				CLANG_WARN_CONSTANT_CONVERSION = YES;
				CLANG_WARN_DEPRECATED_OBJC_IMPLEMENTATIONS = YES;
				CLANG_WARN_DIRECT_OBJC_ISA_USAGE = YES_ERROR;
				CLANG_WARN_DOCUMENTATION_COMMENTS = YES;
				CLANG_WARN_EMPTY_BODY = YES;
				CLANG_WARN_ENUM_CONVERSION = YES;
				CLANG_WARN_INFINITE_RECURSION = YES;
				CLANG_WARN_INT_CONVERSION = YES;
				CLANG_WARN_NON_LITERAL_NULL_CONVERSION = YES;
				CLANG_WARN_OBJC_IMPLICIT_RETAIN_SELF = YES;
				CLANG_WARN_OBJC_LITERAL_CONVERSION = YES;
				CLANG_WARN_OBJC_ROOT_CLASS = YES_ERROR;
				CLANG_WARN_QUOTED_INCLUDE_IN_FRAMEWORK_HEADER = YES;
				CLANG_WARN_RANGE_LOOP_ANALYSIS = YES;
				CLANG_WARN_STRICT_PROTOTYPES = YES;
				CLANG_WARN_SUSPICIOUS_MOVE = YES;
				CLANG_WARN_UNGUARDED_AVAILABILITY = YES_AGGRESSIVE;
				CLANG_WARN_UNREACHABLE_CODE = YES;
				CLANG_WARN__DUPLICATE_METHOD_MATCH = YES;
				COPY_PHASE_STRIP = NO;
				DEBUG_INFORMATION_FORMAT = dwarf;
				ENABLE_STRICT_OBJC_MSGSEND = YES;
				ENABLE_TESTABILITY = YES;
				ENABLE_USER_SCRIPT_SANDBOXING = YES;
				GCC_C_LANGUAGE_STANDARD = gnu17;
				GCC_DYNAMIC_NO_PIC = NO;
				GCC_NO_COMMON_BLOCKS = YES;
				GCC_OPTIMIZATION_LEVEL = 0;
				GCC_PREPROCESSOR_DEFINITIONS = (
					"DEBUG=1",
					"$(inherited)",
				);
				GCC_WARN_64_TO_32_BIT_CONVERSION = YES;
				GCC_WARN_ABOUT_RETURN_TYPE = YES_ERROR;
				GCC_WARN_UNDECLARED_SELECTOR = YES;
				GCC_WARN_UNINITIALIZED_AUTOS = YES_AGGRESSIVE;
				GCC_WARN_UNUSED_FUNCTION = YES;
				GCC_WARN_UNUSED_VARIABLE = YES;
				IBSC_MODULE = "$(PRODUCT_NAME:c99extidentifier)";
				IPHONEOS_DEPLOYMENT_TARGET = 15.0;
				LOCALIZATION_PREFERS_STRING_CATALOGS = YES;
				MTL_ENABLE_DEBUG_INFO = INCLUDE_SOURCE;
				MTL_FAST_MATH = YES;
				ONLY_ACTIVE_ARCH = YES;
				PRODUCT_MODULE_NAME = Pins;
				SDKROOT = iphoneos;
				SWIFT_ACTIVE_COMPILATION_CONDITIONS = "DEBUG $(inherited)";
				SWIFT_OPTIMIZATION_LEVEL = "-Onone";
			};
			name = Dev;
		};
		B76C2B6A2B19EAF500E4F0E0 /* Dev */ = {
			isa = XCBuildConfiguration;
			baseConfigurationReference = B79A28F02AF37DEB008FD3CE /* Secrets.xcconfig */;
			buildSettings = {
				ASSETCATALOG_COMPILER_APPICON_NAME = "AppIcon$(SCHEME_NAME)";
				ASSETCATALOG_COMPILER_GLOBAL_ACCENT_COLOR_NAME = AccentColor;
				CODE_SIGN_ENTITLEMENTS = pins/Resources/pins.entitlements;
				CODE_SIGN_STYLE = Automatic;
				CURRENT_PROJECT_VERSION = 1;
				DEVELOPMENT_TEAM = X843D4L2C2;
				ENABLE_TESTING_SEARCH_PATHS = YES;
				ENABLE_USER_SCRIPT_SANDBOXING = NO;
				GENERATE_INFOPLIST_FILE = YES;
				INFOPLIST_FILE = pins/Resources/Info.plist;
				INFOPLIST_KEY_CFBundleDisplayName = Pins;
				INFOPLIST_KEY_LSApplicationCategoryType = "public.app-category.lifestyle";
				INFOPLIST_KEY_NSLocationAlwaysAndWhenInUseUsageDescription = "근처 핀을 검색하거나 현재 내 위치를 확인하기 위해 위치 접근 권한이 필요합니다.";
				INFOPLIST_KEY_NSLocationWhenInUseUsageDescription = "근처 핀을 검색하거나 현재 내 위치를 확인하기 위해 위치 접근 권한이 필요합니다.";
				INFOPLIST_KEY_NSPhotoLibraryUsageDescription = "핀을 생성할 때 사진을 첨부하려면 사진 접근 권한이 필요합니다.";
				INFOPLIST_KEY_UIApplicationSupportsIndirectInputEvents = YES;
				INFOPLIST_KEY_UILaunchStoryboardName = LaunchScreen;
				INFOPLIST_KEY_UIStatusBarStyle = "";
				INFOPLIST_KEY_UISupportedInterfaceOrientations_iPad = "UIInterfaceOrientationPortrait UIInterfaceOrientationPortraitUpsideDown UIInterfaceOrientationLandscapeLeft UIInterfaceOrientationLandscapeRight";
				INFOPLIST_KEY_UISupportedInterfaceOrientations_iPhone = "UIInterfaceOrientationPortrait UIInterfaceOrientationLandscapeLeft UIInterfaceOrientationLandscapeRight";
				LD_RUNPATH_SEARCH_PATHS = (
					"$(inherited)",
					"@executable_path/Frameworks",
				);
				MARKETING_VERSION = 1.0;
				PRODUCT_BUNDLE_IDENTIFIER = "mojito.pins.$(SCHEME_NAME)";
				PRODUCT_MODULE_NAME = "$(PRODUCT_NAME:c99extidentifier)";
				PRODUCT_NAME = "$(TARGET_NAME)$(SCHEME_NAME)";
				SCHEME_NAME = Dev;
				SWIFT_EMIT_LOC_STRINGS = YES;
				SWIFT_VERSION = 5.0;
				TARGETED_DEVICE_FAMILY = "1,2";
			};
			name = Dev;
		};
		B76C2B6B2B19EAF500E4F0E0 /* Dev */ = {
			isa = XCBuildConfiguration;
			baseConfigurationReference = B79A28F02AF37DEB008FD3CE /* Secrets.xcconfig */;
			buildSettings = {
				ALWAYS_EMBED_SWIFT_STANDARD_LIBRARIES = YES;
				BUNDLE_LOADER = "$(TEST_HOST)";
				CODE_SIGN_STYLE = Automatic;
				CURRENT_PROJECT_VERSION = 1;
				DEVELOPMENT_TEAM = X843D4L2C2;
				GENERATE_INFOPLIST_FILE = YES;
				IPHONEOS_DEPLOYMENT_TARGET = 15.0;
				MARKETING_VERSION = 1.0;
				PRODUCT_BUNDLE_IDENTIFIER = mojito.pinsTests;
				PRODUCT_MODULE_NAME = "$(PRODUCT_NAME:c99extidentifier)";
				PRODUCT_NAME = "$(TARGET_NAME)";
				SUPPORTED_PLATFORMS = "iphoneos iphonesimulator";
				SUPPORTS_MACCATALYST = NO;
				SUPPORTS_MAC_DESIGNED_FOR_IPHONE_IPAD = NO;
				SWIFT_EMIT_LOC_STRINGS = NO;
				SWIFT_VERSION = 5.0;
				TARGETED_DEVICE_FAMILY = "1,2";
				TEST_HOST = "$(BUILT_PRODUCTS_DIR)/pinsDev.app/pinsDev";
			};
			name = Dev;
		};
		B76C2B6D2B19EAFD00E4F0E0 /* Sandbox */ = {
			isa = XCBuildConfiguration;
			baseConfigurationReference = B79A28F02AF37DEB008FD3CE /* Secrets.xcconfig */;
			buildSettings = {
				ALWAYS_SEARCH_USER_PATHS = NO;
				ASSETCATALOG_COMPILER_GENERATE_SWIFT_ASSET_SYMBOL_EXTENSIONS = YES;
				CLANG_ANALYZER_LOCALIZABILITY_NONLOCALIZED = YES;
				CLANG_ANALYZER_NONNULL = YES;
				CLANG_ANALYZER_NUMBER_OBJECT_CONVERSION = YES_AGGRESSIVE;
				CLANG_CXX_LANGUAGE_STANDARD = "gnu++20";
				CLANG_ENABLE_MODULES = YES;
				CLANG_ENABLE_OBJC_ARC = YES;
				CLANG_ENABLE_OBJC_WEAK = YES;
				CLANG_WARN_BLOCK_CAPTURE_AUTORELEASING = YES;
				CLANG_WARN_BOOL_CONVERSION = YES;
				CLANG_WARN_COMMA = YES;
				CLANG_WARN_CONSTANT_CONVERSION = YES;
				CLANG_WARN_DEPRECATED_OBJC_IMPLEMENTATIONS = YES;
				CLANG_WARN_DIRECT_OBJC_ISA_USAGE = YES_ERROR;
				CLANG_WARN_DOCUMENTATION_COMMENTS = YES;
				CLANG_WARN_EMPTY_BODY = YES;
				CLANG_WARN_ENUM_CONVERSION = YES;
				CLANG_WARN_INFINITE_RECURSION = YES;
				CLANG_WARN_INT_CONVERSION = YES;
				CLANG_WARN_NON_LITERAL_NULL_CONVERSION = YES;
				CLANG_WARN_OBJC_IMPLICIT_RETAIN_SELF = YES;
				CLANG_WARN_OBJC_LITERAL_CONVERSION = YES;
				CLANG_WARN_OBJC_ROOT_CLASS = YES_ERROR;
				CLANG_WARN_QUOTED_INCLUDE_IN_FRAMEWORK_HEADER = YES;
				CLANG_WARN_RANGE_LOOP_ANALYSIS = YES;
				CLANG_WARN_STRICT_PROTOTYPES = YES;
				CLANG_WARN_SUSPICIOUS_MOVE = YES;
				CLANG_WARN_UNGUARDED_AVAILABILITY = YES_AGGRESSIVE;
				CLANG_WARN_UNREACHABLE_CODE = YES;
				CLANG_WARN__DUPLICATE_METHOD_MATCH = YES;
				COPY_PHASE_STRIP = NO;
				DEBUG_INFORMATION_FORMAT = dwarf;
				ENABLE_STRICT_OBJC_MSGSEND = YES;
				ENABLE_TESTABILITY = YES;
				ENABLE_USER_SCRIPT_SANDBOXING = YES;
				GCC_C_LANGUAGE_STANDARD = gnu17;
				GCC_DYNAMIC_NO_PIC = NO;
				GCC_NO_COMMON_BLOCKS = YES;
				GCC_OPTIMIZATION_LEVEL = 0;
				GCC_PREPROCESSOR_DEFINITIONS = (
					"DEBUG=1",
					"$(inherited)",
				);
				GCC_WARN_64_TO_32_BIT_CONVERSION = YES;
				GCC_WARN_ABOUT_RETURN_TYPE = YES_ERROR;
				GCC_WARN_UNDECLARED_SELECTOR = YES;
				GCC_WARN_UNINITIALIZED_AUTOS = YES_AGGRESSIVE;
				GCC_WARN_UNUSED_FUNCTION = YES;
				GCC_WARN_UNUSED_VARIABLE = YES;
				IBSC_MODULE = "$(PRODUCT_NAME:c99extidentifier)";
				IPHONEOS_DEPLOYMENT_TARGET = 15.0;
				LOCALIZATION_PREFERS_STRING_CATALOGS = YES;
				MTL_ENABLE_DEBUG_INFO = INCLUDE_SOURCE;
				MTL_FAST_MATH = YES;
				ONLY_ACTIVE_ARCH = YES;
				SDKROOT = iphoneos;
				SWIFT_ACTIVE_COMPILATION_CONDITIONS = "DEBUG $(inherited)";
				SWIFT_OPTIMIZATION_LEVEL = "-Onone";
			};
			name = Sandbox;
		};
		B76C2B6E2B19EAFD00E4F0E0 /* Sandbox */ = {
			isa = XCBuildConfiguration;
			baseConfigurationReference = B79A28F02AF37DEB008FD3CE /* Secrets.xcconfig */;
			buildSettings = {
				ASSETCATALOG_COMPILER_APPICON_NAME = "AppIcon$(SCHEME_NAME)";
				ASSETCATALOG_COMPILER_GLOBAL_ACCENT_COLOR_NAME = AccentColor;
				CODE_SIGN_ENTITLEMENTS = pins/Resources/pins.entitlements;
				CODE_SIGN_STYLE = Automatic;
				CURRENT_PROJECT_VERSION = 1;
				DEVELOPMENT_TEAM = X843D4L2C2;
				ENABLE_TESTING_SEARCH_PATHS = YES;
				ENABLE_USER_SCRIPT_SANDBOXING = NO;
				GENERATE_INFOPLIST_FILE = YES;
				INFOPLIST_FILE = pins/Resources/Info.plist;
				INFOPLIST_KEY_CFBundleDisplayName = Pins;
				INFOPLIST_KEY_LSApplicationCategoryType = "public.app-category.lifestyle";
				INFOPLIST_KEY_NSLocationAlwaysAndWhenInUseUsageDescription = "근처 핀을 검색하거나 현재 내 위치를 확인하기 위해 위치 접근 권한이 필요합니다.";
				INFOPLIST_KEY_NSLocationWhenInUseUsageDescription = "근처 핀을 검색하거나 현재 내 위치를 확인하기 위해 위치 접근 권한이 필요합니다.";
				INFOPLIST_KEY_NSPhotoLibraryUsageDescription = "핀을 생성할 때 사진을 첨부하려면 사진 접근 권한이 필요합니다.";
				INFOPLIST_KEY_UIApplicationSupportsIndirectInputEvents = YES;
				INFOPLIST_KEY_UILaunchStoryboardName = LaunchScreen;
				INFOPLIST_KEY_UIStatusBarStyle = "";
				INFOPLIST_KEY_UISupportedInterfaceOrientations_iPad = "UIInterfaceOrientationPortrait UIInterfaceOrientationPortraitUpsideDown UIInterfaceOrientationLandscapeLeft UIInterfaceOrientationLandscapeRight";
				INFOPLIST_KEY_UISupportedInterfaceOrientations_iPhone = "UIInterfaceOrientationPortrait UIInterfaceOrientationLandscapeLeft UIInterfaceOrientationLandscapeRight";
				LD_RUNPATH_SEARCH_PATHS = (
					"$(inherited)",
					"@executable_path/Frameworks",
				);
				MARKETING_VERSION = 1.0;
				PRODUCT_BUNDLE_IDENTIFIER = "mojito.pins.$(SCHEME_NAME)";
				PRODUCT_NAME = "$(TARGET_NAME)$(SCHEME_NAME)";
				SCHEME_NAME = Sandbox;
				SWIFT_EMIT_LOC_STRINGS = YES;
				SWIFT_VERSION = 5.0;
				TARGETED_DEVICE_FAMILY = "1,2";
			};
			name = Sandbox;
		};
		B76C2B6F2B19EAFD00E4F0E0 /* Sandbox */ = {
			isa = XCBuildConfiguration;
			baseConfigurationReference = B79A28F02AF37DEB008FD3CE /* Secrets.xcconfig */;
			buildSettings = {
				ALWAYS_EMBED_SWIFT_STANDARD_LIBRARIES = YES;
				BUNDLE_LOADER = "$(TEST_HOST)";
				CODE_SIGN_STYLE = Automatic;
				CURRENT_PROJECT_VERSION = 1;
				DEVELOPMENT_TEAM = X843D4L2C2;
				GENERATE_INFOPLIST_FILE = YES;
				IPHONEOS_DEPLOYMENT_TARGET = 15.0;
				MARKETING_VERSION = 1.0;
				PRODUCT_BUNDLE_IDENTIFIER = mojito.pinsTests;
				PRODUCT_NAME = "$(TARGET_NAME)";
				SUPPORTED_PLATFORMS = "iphoneos iphonesimulator";
				SUPPORTS_MACCATALYST = NO;
				SUPPORTS_MAC_DESIGNED_FOR_IPHONE_IPAD = NO;
				SWIFT_EMIT_LOC_STRINGS = NO;
				SWIFT_VERSION = 5.0;
				TARGETED_DEVICE_FAMILY = "1,2";
				TEST_HOST = "$(BUILT_PRODUCTS_DIR)/pins-Sandbox.app/pins-Sandbox";
			};
			name = Sandbox;
		};
		B7AF69562AE0FEE000385632 /* Release */ = {
			isa = XCBuildConfiguration;
			baseConfigurationReference = B79A28F02AF37DEB008FD3CE /* Secrets.xcconfig */;
			buildSettings = {
				ALWAYS_SEARCH_USER_PATHS = NO;
				ASSETCATALOG_COMPILER_GENERATE_SWIFT_ASSET_SYMBOL_EXTENSIONS = YES;
				CLANG_ANALYZER_LOCALIZABILITY_NONLOCALIZED = YES;
				CLANG_ANALYZER_NONNULL = YES;
				CLANG_ANALYZER_NUMBER_OBJECT_CONVERSION = YES_AGGRESSIVE;
				CLANG_CXX_LANGUAGE_STANDARD = "gnu++20";
				CLANG_ENABLE_MODULES = YES;
				CLANG_ENABLE_OBJC_ARC = YES;
				CLANG_ENABLE_OBJC_WEAK = YES;
				CLANG_WARN_BLOCK_CAPTURE_AUTORELEASING = YES;
				CLANG_WARN_BOOL_CONVERSION = YES;
				CLANG_WARN_COMMA = YES;
				CLANG_WARN_CONSTANT_CONVERSION = YES;
				CLANG_WARN_DEPRECATED_OBJC_IMPLEMENTATIONS = YES;
				CLANG_WARN_DIRECT_OBJC_ISA_USAGE = YES_ERROR;
				CLANG_WARN_DOCUMENTATION_COMMENTS = YES;
				CLANG_WARN_EMPTY_BODY = YES;
				CLANG_WARN_ENUM_CONVERSION = YES;
				CLANG_WARN_INFINITE_RECURSION = YES;
				CLANG_WARN_INT_CONVERSION = YES;
				CLANG_WARN_NON_LITERAL_NULL_CONVERSION = YES;
				CLANG_WARN_OBJC_IMPLICIT_RETAIN_SELF = YES;
				CLANG_WARN_OBJC_LITERAL_CONVERSION = YES;
				CLANG_WARN_OBJC_ROOT_CLASS = YES_ERROR;
				CLANG_WARN_QUOTED_INCLUDE_IN_FRAMEWORK_HEADER = YES;
				CLANG_WARN_RANGE_LOOP_ANALYSIS = YES;
				CLANG_WARN_STRICT_PROTOTYPES = YES;
				CLANG_WARN_SUSPICIOUS_MOVE = YES;
				CLANG_WARN_UNGUARDED_AVAILABILITY = YES_AGGRESSIVE;
				CLANG_WARN_UNREACHABLE_CODE = YES;
				CLANG_WARN__DUPLICATE_METHOD_MATCH = YES;
				COPY_PHASE_STRIP = NO;
				DEBUG_INFORMATION_FORMAT = "dwarf-with-dsym";
				ENABLE_NS_ASSERTIONS = NO;
				ENABLE_STRICT_OBJC_MSGSEND = YES;
				ENABLE_USER_SCRIPT_SANDBOXING = YES;
				GCC_C_LANGUAGE_STANDARD = gnu17;
				GCC_NO_COMMON_BLOCKS = YES;
				GCC_WARN_64_TO_32_BIT_CONVERSION = YES;
				GCC_WARN_ABOUT_RETURN_TYPE = YES_ERROR;
				GCC_WARN_UNDECLARED_SELECTOR = YES;
				GCC_WARN_UNINITIALIZED_AUTOS = YES_AGGRESSIVE;
				GCC_WARN_UNUSED_FUNCTION = YES;
				GCC_WARN_UNUSED_VARIABLE = YES;
				IBSC_MODULE = "$(PRODUCT_NAME:c99extidentifier)";
				IPHONEOS_DEPLOYMENT_TARGET = 15.0;
				LOCALIZATION_PREFERS_STRING_CATALOGS = YES;
				MTL_ENABLE_DEBUG_INFO = NO;
				MTL_FAST_MATH = YES;
				SDKROOT = iphoneos;
				SWIFT_COMPILATION_MODE = wholemodule;
				VALIDATE_PRODUCT = YES;
			};
			name = Release;
		};
		B7AF69592AE0FEE000385632 /* Release */ = {
			isa = XCBuildConfiguration;
			baseConfigurationReference = B79A28F02AF37DEB008FD3CE /* Secrets.xcconfig */;
			buildSettings = {
				ASSETCATALOG_COMPILER_APPICON_NAME = AppIcon;
				ASSETCATALOG_COMPILER_GLOBAL_ACCENT_COLOR_NAME = AccentColor;
				CODE_SIGN_ENTITLEMENTS = pins/Resources/pins.entitlements;
				CODE_SIGN_IDENTITY = "Apple Development";
				"CODE_SIGN_IDENTITY[sdk=iphoneos*]" = "iPhone Distribution";
				CODE_SIGN_STYLE = Manual;
				CURRENT_PROJECT_VERSION = 1;
				DEVELOPMENT_TEAM = "";
				"DEVELOPMENT_TEAM[sdk=iphoneos*]" = X843D4L2C2;
				ENABLE_TESTABILITY = YES;
				ENABLE_TESTING_SEARCH_PATHS = YES;
				ENABLE_USER_SCRIPT_SANDBOXING = NO;
				GENERATE_INFOPLIST_FILE = YES;
				INFOPLIST_FILE = pins/Resources/Info.plist;
				INFOPLIST_KEY_CFBundleDisplayName = Pins;
				INFOPLIST_KEY_LSApplicationCategoryType = "public.app-category.lifestyle";
				INFOPLIST_KEY_NSLocationAlwaysAndWhenInUseUsageDescription = "근처 핀을 검색하거나 현재 내 위치를 확인하기 위해 위치 접근 권한이 필요합니다.";
				INFOPLIST_KEY_NSLocationWhenInUseUsageDescription = "근처 핀을 검색하거나 현재 내 위치를 확인하기 위해 위치 접근 권한이 필요합니다.";
				INFOPLIST_KEY_NSPhotoLibraryUsageDescription = "핀을 생성할 때 사진을 첨부하려면 사진 접근 권한이 필요합니다.";
				INFOPLIST_KEY_UIApplicationSupportsIndirectInputEvents = YES;
				INFOPLIST_KEY_UILaunchStoryboardName = LaunchScreen;
				INFOPLIST_KEY_UIStatusBarStyle = "";
				INFOPLIST_KEY_UISupportedInterfaceOrientations_iPad = "UIInterfaceOrientationPortrait UIInterfaceOrientationPortraitUpsideDown UIInterfaceOrientationLandscapeLeft UIInterfaceOrientationLandscapeRight";
				INFOPLIST_KEY_UISupportedInterfaceOrientations_iPhone = "UIInterfaceOrientationPortrait UIInterfaceOrientationLandscapeLeft UIInterfaceOrientationLandscapeRight";
				LD_RUNPATH_SEARCH_PATHS = (
					"$(inherited)",
					"@executable_path/Frameworks",
				);
				MARKETING_VERSION = 1.0;
				PRODUCT_BUNDLE_IDENTIFIER = mojito.pins;
				PRODUCT_NAME = "$(TARGET_NAME)";
				PROVISIONING_PROFILE_SPECIFIER = "";
				"PROVISIONING_PROFILE_SPECIFIER[sdk=iphoneos*]" = "pins GithubActions";
				SCHEME_NAME = "";
				SWIFT_EMIT_LOC_STRINGS = YES;
				SWIFT_VERSION = 5.0;
				TARGETED_DEVICE_FAMILY = "1,2";
			};
			name = Release;
		};
		B7AF695C2AE0FEE000385632 /* Release */ = {
			isa = XCBuildConfiguration;
			baseConfigurationReference = B79A28F02AF37DEB008FD3CE /* Secrets.xcconfig */;
			buildSettings = {
				ALWAYS_EMBED_SWIFT_STANDARD_LIBRARIES = YES;
				BUNDLE_LOADER = "$(TEST_HOST)";
				CODE_SIGN_IDENTITY = "Apple Development";
				CODE_SIGN_STYLE = Automatic;
				CURRENT_PROJECT_VERSION = 1;
				DEVELOPMENT_TEAM = X843D4L2C2;
				GENERATE_INFOPLIST_FILE = YES;
				IPHONEOS_DEPLOYMENT_TARGET = 15.0;
				MARKETING_VERSION = 1.0;
				PRODUCT_BUNDLE_IDENTIFIER = mojito.pinsTests;
				PRODUCT_NAME = "$(TARGET_NAME)";
				PROVISIONING_PROFILE_SPECIFIER = "";
				SUPPORTED_PLATFORMS = "iphoneos iphonesimulator";
				SUPPORTS_MACCATALYST = NO;
				SUPPORTS_MAC_DESIGNED_FOR_IPHONE_IPAD = NO;
				SWIFT_EMIT_LOC_STRINGS = NO;
				SWIFT_VERSION = 5.0;
				TARGETED_DEVICE_FAMILY = "1,2";
				TEST_HOST = "$(BUILT_PRODUCTS_DIR)/pins.app/pins";
			};
			name = Release;
		};
/* End XCBuildConfiguration section */

/* Begin XCConfigurationList section */
		B7AF69282AE0FEDF00385632 /* Build configuration list for PBXProject "pins" */ = {
			isa = XCConfigurationList;
			buildConfigurations = (
				B76C2B6D2B19EAFD00E4F0E0 /* Sandbox */,
				B76C2B692B19EAF500E4F0E0 /* Dev */,
				B7AF69562AE0FEE000385632 /* Release */,
			);
			defaultConfigurationIsVisible = 0;
			defaultConfigurationName = Release;
		};
		B7AF69572AE0FEE000385632 /* Build configuration list for PBXNativeTarget "pins" */ = {
			isa = XCConfigurationList;
			buildConfigurations = (
				B76C2B6E2B19EAFD00E4F0E0 /* Sandbox */,
				B76C2B6A2B19EAF500E4F0E0 /* Dev */,
				B7AF69592AE0FEE000385632 /* Release */,
			);
			defaultConfigurationIsVisible = 0;
			defaultConfigurationName = Release;
		};
		B7AF695A2AE0FEE000385632 /* Build configuration list for PBXNativeTarget "pinsTests" */ = {
			isa = XCConfigurationList;
			buildConfigurations = (
				B76C2B6F2B19EAFD00E4F0E0 /* Sandbox */,
				B76C2B6B2B19EAF500E4F0E0 /* Dev */,
				B7AF695C2AE0FEE000385632 /* Release */,
			);
			defaultConfigurationIsVisible = 0;
			defaultConfigurationName = Release;
		};
/* End XCConfigurationList section */

/* Begin XCRemoteSwiftPackageReference section */
		B7DE80662B08A979007A7AEF /* XCRemoteSwiftPackageReference "GoogleSignIn-iOS" */ = {
			isa = XCRemoteSwiftPackageReference;
			repositoryURL = "https://github.com/google/GoogleSignIn-iOS";
			requirement = {
				kind = upToNextMajorVersion;
				minimumVersion = 7.0.0;
			};
		};
		B7E8A46E2AEB84420026931D /* XCRemoteSwiftPackageReference "firebase-ios-sdk" */ = {
			isa = XCRemoteSwiftPackageReference;
			repositoryURL = "https://github.com/firebase/firebase-ios-sdk";
			requirement = {
				kind = upToNextMajorVersion;
				minimumVersion = 10.16.0;
			};
		};
		B7F8B3032B30938400B869BB /* XCRemoteSwiftPackageReference "ios-snapshot-test-case" */ = {
			isa = XCRemoteSwiftPackageReference;
			repositoryURL = "https://github.com/uber/ios-snapshot-test-case";
			requirement = {
				kind = upToNextMajorVersion;
				minimumVersion = 8.0.0;
			};
		};
/* End XCRemoteSwiftPackageReference section */

/* Begin XCSwiftPackageProductDependency section */
		B72EDCA12B2B071C00080328 /* GoogleSignIn */ = {
			isa = XCSwiftPackageProductDependency;
			package = B7DE80662B08A979007A7AEF /* XCRemoteSwiftPackageReference "GoogleSignIn-iOS" */;
			productName = GoogleSignIn;
		};
		B76DD4632AFE0E4B00DFE7E1 /* FirebaseStorage */ = {
			isa = XCSwiftPackageProductDependency;
			package = B7E8A46E2AEB84420026931D /* XCRemoteSwiftPackageReference "firebase-ios-sdk" */;
			productName = FirebaseStorage;
		};
		B7B977652AFA0F550023718B /* FirebaseFirestore */ = {
			isa = XCSwiftPackageProductDependency;
			package = B7E8A46E2AEB84420026931D /* XCRemoteSwiftPackageReference "firebase-ios-sdk" */;
			productName = FirebaseFirestore;
		};
		B7BC79162AF4AB8900BBE0A9 /* FirebaseAuth */ = {
			isa = XCSwiftPackageProductDependency;
			package = B7E8A46E2AEB84420026931D /* XCRemoteSwiftPackageReference "firebase-ios-sdk" */;
			productName = FirebaseAuth;
		};
		B7E8A46F2AEB84420026931D /* FirebaseAnalytics */ = {
			isa = XCSwiftPackageProductDependency;
			package = B7E8A46E2AEB84420026931D /* XCRemoteSwiftPackageReference "firebase-ios-sdk" */;
			productName = FirebaseAnalytics;
		};
		B7E8A4712AEB84420026931D /* FirebaseCrashlytics */ = {
			isa = XCSwiftPackageProductDependency;
			package = B7E8A46E2AEB84420026931D /* XCRemoteSwiftPackageReference "firebase-ios-sdk" */;
			productName = FirebaseCrashlytics;
		};
		B7F8B3042B30938400B869BB /* iOSSnapshotTestCase */ = {
			isa = XCSwiftPackageProductDependency;
			package = B7F8B3032B30938400B869BB /* XCRemoteSwiftPackageReference "ios-snapshot-test-case" */;
			productName = iOSSnapshotTestCase;
		};
/* End XCSwiftPackageProductDependency section */
	};
	rootObject = B7AF69252AE0FEDF00385632 /* Project object */;
}
